// !$*UTF8*$!
{
	archiveVersion = 1;
	classes = {
	};
	objectVersion = 77;
	objects = {

/* Begin PBXBuildFile section */
		00A7755F227C8F2E95585610 /* LinkaAppIntents in Frameworks */ = {isa = PBXBuildFile; productRef = 4010F854F0753756FEF0C5F0 /* LinkaAppIntents */; };
		01291A72D1AE05FDD8B56EAD /* UsageSuitabilityCopyQualityLevelTests.swift in Sources */ = {isa = PBXBuildFile; fileRef = E7936AC36AB6A238A31BCF85 /* UsageSuitabilityCopyQualityLevelTests.swift */; };
		074A78EB05FB73EAA13BFF42 /* HistoryView.swift in Sources */ = {isa = PBXBuildFile; fileRef = E86E6389194D1938B09BEE51 /* HistoryView.swift */; };
		07FA5BACD537ACDC5E210496 /* SettingsProductionStateTests.swift in Sources */ = {isa = PBXBuildFile; fileRef = 46F4505095861E3713A028A2 /* SettingsProductionStateTests.swift */; };
		080B674A908A6C5DA086E6FB /* StatDisplay.swift in Sources */ = {isa = PBXBuildFile; fileRef = 240C677AB8218C3DE05600FB /* StatDisplay.swift */; };
		0C8ECCB89B1CEA92EEA79277 /* 02-resultado.png in Resources */ = {isa = PBXBuildFile; fileRef = 4C18C21A5058B411187DFB0D /* 02-resultado.png */; };
		0EFC4146B3851935B5B6830E /* LinkaHealthCheck.swift in Sources */ = {isa = PBXBuildFile; fileRef = 05A448E4B038B0099A9F43E4 /* LinkaHealthCheck.swift */; };
		0F37916D5092D2B27FFB484D /* ShareCardView.swift in Sources */ = {isa = PBXBuildFile; fileRef = 5D7798E2D1800A4FF1C0E30E /* ShareCardView.swift */; };
		114F6A67C7CE3B670CF6AD50 /* 06-historico.png in Resources */ = {isa = PBXBuildFile; fileRef = F959B2CBD5E8F278F7B85F54 /* 06-historico.png */; };
		12E02BB6A2E493EAC2C1D151 /* LinkaAppShortcuts.swift in Sources */ = {isa = PBXBuildFile; fileRef = 2C8ADAB36D0CC32BA436AFE3 /* LinkaAppShortcuts.swift */; };
		150054BB7218EF39FF3A2EF5 /* MeasurementHistoryCloudKit in Frameworks */ = {isa = PBXBuildFile; productRef = B36D3C433D496B8EFF185FF3 /* MeasurementHistoryCloudKit */; };
		17844AA3F865EC3C43DAD6AA /* 01-home.png in Resources */ = {isa = PBXBuildFile; fileRef = CD0E9FA3F3C9159A1B51BA82 /* 01-home.png */; };
		17E73DA323A120A6FECBD6A1 /* BannerView.swift in Sources */ = {isa = PBXBuildFile; fileRef = 4F6C710FA9D415DDBB3316F9 /* BannerView.swift */; };
		1B7CBE63AC92F88240765348 /* LinkaWidgetTimelineProvider.swift in Sources */ = {isa = PBXBuildFile; fileRef = E40C2EB9152AB6535BCF1740 /* LinkaWidgetTimelineProvider.swift */; };
		1CF90733709BEB4D8C2F28D4 /* ShareSheet.swift in Sources */ = {isa = PBXBuildFile; fileRef = F6D72124FDD0CB4E07F4E7B5 /* ShareSheet.swift */; };
		1F40D1C6737FB0E30B0EB7EE /* HistoryView.swift in Sources */ = {isa = PBXBuildFile; fileRef = E86E6389194D1938B09BEE51 /* HistoryView.swift */; };
		22ACBF6A87B265E99D871533 /* MetricRing.swift in Sources */ = {isa = PBXBuildFile; fileRef = 179DA64F9C7059B7A140B92E /* MetricRing.swift */; };
		236F004AEFDE4C625B0DC471 /* ConnectionPathDetailView.swift in Sources */ = {isa = PBXBuildFile; fileRef = 4781F293BF600F767AD519F6 /* ConnectionPathDetailView.swift */; };
		24D5445693EFC7A49B65A32A /* LinkaHealthCheck.swift in Sources */ = {isa = PBXBuildFile; fileRef = C3384AC2B411804CD498D876 /* LinkaHealthCheck.swift */; };
		2503053FE2E1CF272C40AABA /* HistoricalMeasurementDetailView.swift in Sources */ = {isa = PBXBuildFile; fileRef = D1FD5CA0E57F84DC90BE11A5 /* HistoricalMeasurementDetailView.swift */; };
		251732D2D655E2FC6E8896B6 /* FeatureFlags.swift in Sources */ = {isa = PBXBuildFile; fileRef = B8A27A3A416A9EAF5A075A2C /* FeatureFlags.swift */; };
		29947FA757E77F75A68839DE /* Simulator Screenshot - iPhone 17 Pro - 2026-09-04 at 00.08.16.png in Resources */ = {isa = PBXBuildFile; fileRef = 57683E1EF231CFAB7DA64C37 /* Simulator Screenshot - iPhone 17 Pro - 2026-09-04 at 00.08.16.png */; };
		2AD6E6F6C8A5849D189EFFD5 /* MainView.swift in Sources */ = {isa = PBXBuildFile; fileRef = C60A040FE4E49231CD858102 /* MainView.swift */; };
		2C291F8573C9E0671BC7752F /* LinkaAppShortcuts.swift in Sources */ = {isa = PBXBuildFile; fileRef = 2C8ADAB36D0CC32BA436AFE3 /* LinkaAppShortcuts.swift */; };
		2D978D5BAD95A0E29AE7AE85 /* LinkaModules in Frameworks */ = {isa = PBXBuildFile; productRef = 2A1ED27B4CE61C438B43B40C /* LinkaModules */; };
		2F7AC1D0FB4C81453B1B1EC7 /* PurchaseSheet.swift in Sources */ = {isa = PBXBuildFile; fileRef = 1056216026BABB240C8AC371 /* PurchaseSheet.swift */; };
		3120B8DF78687FB4ED24E811 /* UsageDiagnosticsView.swift in Sources */ = {isa = PBXBuildFile; fileRef = 5A6971747152D0754E5176E4 /* UsageDiagnosticsView.swift */; };
		32D65FC106F2219188A8CFEF /* NetworkStabilityPatternsViewModelTests.swift in Sources */ = {isa = PBXBuildFile; fileRef = 5E03F3D02E4F5A54E54C94A7 /* NetworkStabilityPatternsViewModelTests.swift */; };
		3448797354FD2923D4969804 /* AssistProblemSelectionView.swift in Sources */ = {isa = PBXBuildFile; fileRef = CA202D7A1FB600A3F43CD0ED /* AssistProblemSelectionView.swift */; };
		368C7157F6ECC02B56BC655D /* BannerView.swift in Sources */ = {isa = PBXBuildFile; fileRef = 4F6C710FA9D415DDBB3316F9 /* BannerView.swift */; };
		3780733E2BDF1FB538D9CC35 /* SpeedTestViewModelScenePhaseTests.swift in Sources */ = {isa = PBXBuildFile; fileRef = A955FDE679C032C5443EEF5D /* SpeedTestViewModelScenePhaseTests.swift */; };
		3B8D255B22C6A0738CFBCFB0 /* ConnectivityTriageView.swift in Sources */ = {isa = PBXBuildFile; fileRef = DE87CDDD63F493ADD2C14B84 /* ConnectivityTriageView.swift */; };
		3FC6EBD2875ECA30B3DF34B0 /* ShareSheet.swift in Sources */ = {isa = PBXBuildFile; fileRef = F6D72124FDD0CB4E07F4E7B5 /* ShareSheet.swift */; };
		4284F5C312145E4BFB3DC18B /* PurchaseEntryPoint.swift in Sources */ = {isa = PBXBuildFile; fileRef = 44FD51918BF9314D06858F94 /* PurchaseEntryPoint.swift */; };
		4378BEF71D28CF01DB5C21C8 /* FeatureFlags.swift in Sources */ = {isa = PBXBuildFile; fileRef = B8A27A3A416A9EAF5A075A2C /* FeatureFlags.swift */; };
		44C648122F593A279BF4190E /* AppIntentCoordinator.swift in Sources */ = {isa = PBXBuildFile; fileRef = B7921F180B5C7EC49B0B1D48 /* AppIntentCoordinator.swift */; };
		45C0F482F56FF0A25084CBD1 /* PurchaseSheet.swift in Sources */ = {isa = PBXBuildFile; fileRef = 1056216026BABB240C8AC371 /* PurchaseSheet.swift */; };
		460A04738C58DD0F7081552C /* LinkaEngine in Frameworks */ = {isa = PBXBuildFile; productRef = 32F32DAB5F80BE2584F3A3DB /* LinkaEngine */; };
		474E1128931717978D424844 /* LinkaAppIntents in Frameworks */ = {isa = PBXBuildFile; productRef = 4EC464D2A27C018FC431B081 /* LinkaAppIntents */; };
		488426897164BFA011DA2076 /* LinkaExternalLinks.swift in Sources */ = {isa = PBXBuildFile; fileRef = A8AF9B7DA6D4CDD2574E7338 /* LinkaExternalLinks.swift */; };
		4DB6D1F24A36048C31C7F8AE /* AppStoreScreenshotsUITests.swift in Sources */ = {isa = PBXBuildFile; fileRef = 6935758C28176CC335C491C7 /* AppStoreScreenshotsUITests.swift */; };
		4FBFA4B00E64FC22616B4DFF /* README.md in Resources */ = {isa = PBXBuildFile; fileRef = CF33003E49F44DE9A2057329 /* README.md */; };
		50C85316B3E53EB821D140B2 /* PhaseDots.swift in Sources */ = {isa = PBXBuildFile; fileRef = F3E5050B3CBDDCC2A9F2BA57 /* PhaseDots.swift */; };
		58AAEC10AB55272DF16453E3 /* SplashView.swift in Sources */ = {isa = PBXBuildFile; fileRef = 3234D1B179CE201E17961385 /* SplashView.swift */; };
		5B0458DD58805571D30AC3EC /* SpeedTestViewModelResultTimingTests.swift in Sources */ = {isa = PBXBuildFile; fileRef = FB32ED976CC4BE668BB83D5C /* SpeedTestViewModelResultTimingTests.swift */; };
		5D2A6786BBAEFBF394159623 /* AssistView.swift in Sources */ = {isa = PBXBuildFile; fileRef = 407C59990EED2DC1040BF42E /* AssistView.swift */; };
		5D4D11F451064AF6ECB2429F /* HistoricalMeasurementDetailView.swift in Sources */ = {isa = PBXBuildFile; fileRef = D1FD5CA0E57F84DC90BE11A5 /* HistoricalMeasurementDetailView.swift */; };
		5D7BDF1FC123A9F789F0B323 /* MeasurementHistoryCloudKit in Frameworks */ = {isa = PBXBuildFile; productRef = 6924FC50FF8D2EAF983DDAA9 /* MeasurementHistoryCloudKit */; };
		5DA4E299822FB8F13A83E605 /* LinkaWidgetExtension.appex in Embed Foundation Extensions */ = {isa = PBXBuildFile; fileRef = 328D0AC42D7699A0B421F1F3 /* LinkaWidgetExtension.appex */; settings = {ATTRIBUTES = (CodeSignOnCopy, RemoveHeadersOnCopy, ); }; };
		603A8E30B36D42DEA88139DD /* MeasurementDetailView.swift in Sources */ = {isa = PBXBuildFile; fileRef = F8549C59760252CA889B5156 /* MeasurementDetailView.swift */; };
		67BE8FBADEF49CAE69360033 /* AssistProblemSelectionView.swift in Sources */ = {isa = PBXBuildFile; fileRef = CA202D7A1FB600A3F43CD0ED /* AssistProblemSelectionView.swift */; };
		6E728101447F1EA3746A18FE /* Simulator Screenshot - iPhone 17 Pro - 2026-09-04 at 00.07.47.png in Resources */ = {isa = PBXBuildFile; fileRef = 7694CFAF5507ABCAB530D345 /* Simulator Screenshot - iPhone 17 Pro - 2026-09-04 at 00.07.47.png */; };
		6F17598AD7C151721E54AB92 /* SettingsSheet.swift in Sources */ = {isa = PBXBuildFile; fileRef = 736F109DF0DF1C50DFAF202C /* SettingsSheet.swift */; };
		704E919D0F63C3C6A5971FF6 /* LinkaSpeedTestWidget.swift in Sources */ = {isa = PBXBuildFile; fileRef = 66CBF1A76A2700A86FB6D257 /* LinkaSpeedTestWidget.swift */; };
		77AA437F88B4E181F75F6B6E /* AssistView.swift in Sources */ = {isa = PBXBuildFile; fileRef = 407C59990EED2DC1040BF42E /* AssistView.swift */; };
		796DD515901A1A63513D17B1 /* Simulator Screenshot - iPhone 17 Pro - 2026-09-04 at 00.08.51.png in Resources */ = {isa = PBXBuildFile; fileRef = 5B98EA5D29714616A7E9B981 /* Simulator Screenshot - iPhone 17 Pro - 2026-09-04 at 00.08.51.png */; };
		7CF7BA9E1214806740848A59 /* Simulator Screenshot - iPhone 17 Pro - 2026-09-04 at 00.07.40.png in Resources */ = {isa = PBXBuildFile; fileRef = 9B78B9DAB08F95A0C65F5E3F /* Simulator Screenshot - iPhone 17 Pro - 2026-09-04 at 00.07.40.png */; };
		7D2E75A9C2B6677164470767 /* ExpertModeMigrationBanner.swift in Sources */ = {isa = PBXBuildFile; fileRef = A41173010B41EF48DE2606B1 /* ExpertModeMigrationBanner.swift */; };
		7D5ACB59AE3B1D2BE7DAE683 /* DesignSystem.swift in Sources */ = {isa = PBXBuildFile; fileRef = 43FDC4D087897BC1FC0C88DD /* DesignSystem.swift */; };
		7E4521DEE028B6E2786623C9 /* AssistContainer.swift in Sources */ = {isa = PBXBuildFile; fileRef = 8DD4A980DC574793818E97A1 /* AssistContainer.swift */; };
		7F7970BA85081796F66C73DB /* PhaseDots.swift in Sources */ = {isa = PBXBuildFile; fileRef = F3E5050B3CBDDCC2A9F2BA57 /* PhaseDots.swift */; };
		7FCCC2D2BA834D1A630BE7F9 /* Assets.xcassets in Resources */ = {isa = PBXBuildFile; fileRef = 8041784263895147F69C02D2 /* Assets.xcassets */; };
		847E859C6B4B4BC90D19D8BE /* LinkaEngine in Frameworks */ = {isa = PBXBuildFile; productRef = 86760C16968147ADE1D36961 /* LinkaEngine */; };
		882B1F2E429EE217B08C34B6 /* SplashView.swift in Sources */ = {isa = PBXBuildFile; fileRef = 3234D1B179CE201E17961385 /* SplashView.swift */; };
		89C7B34BC422904F866171F8 /* UsageDiagnosticsView.swift in Sources */ = {isa = PBXBuildFile; fileRef = 5A6971747152D0754E5176E4 /* UsageDiagnosticsView.swift */; };
		8A6275A34C1E4ABEC097590D /* 02-resultado.png in Resources */ = {isa = PBXBuildFile; fileRef = 4A3935B041B5930F03590DCB /* 02-resultado.png */; };
		8A98ED69419E179DC57A582C /* AssistFailureSignalMapping.swift in Sources */ = {isa = PBXBuildFile; fileRef = D0E2413E81B1C0AF7D31BBC0 /* AssistFailureSignalMapping.swift */; };
		8EDC61449DB6F193BE332F11 /* DesignSystem.swift in Sources */ = {isa = PBXBuildFile; fileRef = 43FDC4D087897BC1FC0C88DD /* DesignSystem.swift */; };
		8F43FE7424FB03B9F36897E9 /* StatDisplay.swift in Sources */ = {isa = PBXBuildFile; fileRef = 240C677AB8218C3DE05600FB /* StatDisplay.swift */; };
		8FA33CB5620B468DC00D3C18 /* ShareCardView.swift in Sources */ = {isa = PBXBuildFile; fileRef = 5D7798E2D1800A4FF1C0E30E /* ShareCardView.swift */; };
		910814D6D49CF4D31DF32FC1 /* SpeedTestViewModel.swift in Sources */ = {isa = PBXBuildFile; fileRef = E816515881C246C6E28B0653 /* SpeedTestViewModel.swift */; };
		917E9E7322E9130BA3223569 /* NetworkStabilityPatternsViewModel.swift in Sources */ = {isa = PBXBuildFile; fileRef = 641020ADE92F07BF8F597BD6 /* NetworkStabilityPatternsViewModel.swift */; };
		91D04741029D32B37366E216 /* UsageSuitabilityCopy.swift in Sources */ = {isa = PBXBuildFile; fileRef = C4F8279085EE690722DC2381 /* UsageSuitabilityCopy.swift */; };
		92BDECB59E8455FF2995F4BF /* LinkaWidgetShared in Frameworks */ = {isa = PBXBuildFile; productRef = 6C16385D59C93FAD8555D2E3 /* LinkaWidgetShared */; };
		98C540F99A016B81DAD15C60 /* LinkaHealthCheckTests.swift in Sources */ = {isa = PBXBuildFile; fileRef = 6A9D4D7C89F04134D07DD7E2 /* LinkaHealthCheckTests.swift */; };
		997D49DAE6F9C3EAE6820CFD /* ExpertModeMigrationBanner.swift in Sources */ = {isa = PBXBuildFile; fileRef = A41173010B41EF48DE2606B1 /* ExpertModeMigrationBanner.swift */; };
		99DC47095EFAC9A6C617FE64 /* MetricRing.swift in Sources */ = {isa = PBXBuildFile; fileRef = 179DA64F9C7059B7A140B92E /* MetricRing.swift */; };
		9D9CAA41523C5B4063A18FF2 /* MainView.swift in Sources */ = {isa = PBXBuildFile; fileRef = C60A040FE4E49231CD858102 /* MainView.swift */; };
		9FFFA7A4330D0D605C30667E /* AssistFailureSignalMapping.swift in Sources */ = {isa = PBXBuildFile; fileRef = D0E2413E81B1C0AF7D31BBC0 /* AssistFailureSignalMapping.swift */; };
		A11D357CC4C079407819131E /* 03-contexto.png in Resources */ = {isa = PBXBuildFile; fileRef = 0D1B97BED85D92A6875D8B5A /* 03-contexto.png */; };
		A1448C6403A7DFB5C5B2FE7F /* Assets.xcassets in Resources */ = {isa = PBXBuildFile; fileRef = 8041784263895147F69C02D2 /* Assets.xcassets */; };
		A475A78FD53F375ED48B3017 /* LinkaAppIntents in Frameworks */ = {isa = PBXBuildFile; productRef = AF94459C34286AD1C350EB80 /* LinkaAppIntents */; };
		A4D9495502DC4C4CEF2BEF0F /* AppIntentCoordinator.swift in Sources */ = {isa = PBXBuildFile; fileRef = B7921F180B5C7EC49B0B1D48 /* AppIntentCoordinator.swift */; };
		A545323750FDE9FB8E3EC7A1 /* ConnectionPathDetailView.swift in Sources */ = {isa = PBXBuildFile; fileRef = 4781F293BF600F767AD519F6 /* ConnectionPathDetailView.swift */; };
		A625BB41043014209F3CF3B5 /* AssistViewModel.swift in Sources */ = {isa = PBXBuildFile; fileRef = DD77BB89224BDA9466A65983 /* AssistViewModel.swift */; };
		A64CA2655143AAA37EDFB39A /* AssistTeaserCard.swift in Sources */ = {isa = PBXBuildFile; fileRef = 647AB617F0B68B7D63BE2191 /* AssistTeaserCard.swift */; };
		AB6FC29CEC4D5920EB901F01 /* LinkaWidgetBundle.swift in Sources */ = {isa = PBXBuildFile; fileRef = 6052814E829E396518A3EB18 /* LinkaWidgetBundle.swift */; };
		B49CE021825E80DC95B954AA /* AssistContainer.swift in Sources */ = {isa = PBXBuildFile; fileRef = 8DD4A980DC574793818E97A1 /* AssistContainer.swift */; };
		BB664E873410EAC7F101D24B /* ApplePlatformSignalProvider.swift in Sources */ = {isa = PBXBuildFile; fileRef = F59DF4C04B975718AB2E308A /* ApplePlatformSignalProvider.swift */; };
		BBCD26A5CB7293C88A0A8577 /* LinkaPlusWordmarkView.swift in Sources */ = {isa = PBXBuildFile; fileRef = D579EFF3B620AD5DF92A3A87 /* LinkaPlusWordmarkView.swift */; };
		C52F715538667A43E3CCA1CA /* NetworkConnectivityTriage in Frameworks */ = {isa = PBXBuildFile; productRef = CAACD50C2B8842A2FFB7FDB9 /* NetworkConnectivityTriage */; };
		C60712F038F34BAF07AEDEC6 /* MeasurementDetailView.swift in Sources */ = {isa = PBXBuildFile; fileRef = F8549C59760252CA889B5156 /* MeasurementDetailView.swift */; };
		C795EB7B3D3C235CC07EB505 /* AssistViewModelTests.swift in Sources */ = {isa = PBXBuildFile; fileRef = 78285EB65890B076CF8D41D4 /* AssistViewModelTests.swift */; };
		CA9681EC9AC366A5AF3E5A71 /* ConnectionPathView.swift in Sources */ = {isa = PBXBuildFile; fileRef = 0BF377B5E1688176727142AF /* ConnectionPathView.swift */; };
		CB588C90842C7F5B1EC567AF /* AssistViewCloseSheetTests.swift in Sources */ = {isa = PBXBuildFile; fileRef = DA0EFE129DED2C73A20E81CA /* AssistViewCloseSheetTests.swift */; };
		CDD3F59B3B734268681868EA /* AssistTeaserCard.swift in Sources */ = {isa = PBXBuildFile; fileRef = 647AB617F0B68B7D63BE2191 /* AssistTeaserCard.swift */; };
		CF3CD7092B1A2A05068FD02F /* LinkaApp.swift in Sources */ = {isa = PBXBuildFile; fileRef = 72C35725E79C96780D745AB7 /* LinkaApp.swift */; };
		CF756CF19A8EA39ED487FAD2 /* NetworkConnectivityTriage in Frameworks */ = {isa = PBXBuildFile; productRef = A4BBA0D383EFDFF0002A9E76 /* NetworkConnectivityTriage */; };
		D023E595162ADE7D1452F5EC /* LinkaApp.swift in Sources */ = {isa = PBXBuildFile; fileRef = 72C35725E79C96780D745AB7 /* LinkaApp.swift */; };
		D1F96FFD9A366D9F61AD5F96 /* SettingsSheet.swift in Sources */ = {isa = PBXBuildFile; fileRef = 736F109DF0DF1C50DFAF202C /* SettingsSheet.swift */; };
		D3535A4ADB8FFC83D989D434 /* ConnectionPathView.swift in Sources */ = {isa = PBXBuildFile; fileRef = 0BF377B5E1688176727142AF /* ConnectionPathView.swift */; };
		DDDA516AB439EF732458C5F6 /* DesignSystem.swift in Sources */ = {isa = PBXBuildFile; fileRef = 43FDC4D087897BC1FC0C88DD /* DesignSystem.swift */; };
		DE3BA840BD598DC6C7F69BA9 /* ConnectivityTriageView.swift in Sources */ = {isa = PBXBuildFile; fileRef = DE87CDDD63F493ADD2C14B84 /* ConnectivityTriageView.swift */; };
		DFBAB09BCD289AF1EDDDECD0 /* Simulator Screenshot - iPhone 17 Pro - 2026-09-04 at 00.08.31.png in Resources */ = {isa = PBXBuildFile; fileRef = 3FC86B98A2A57170994EBE68 /* Simulator Screenshot - iPhone 17 Pro - 2026-09-04 at 00.08.31.png */; };
		E1CC58942197732477D20D52 /* SpeedTestViewModel.swift in Sources */ = {isa = PBXBuildFile; fileRef = E816515881C246C6E28B0653 /* SpeedTestViewModel.swift */; };
		E8738446F6E9EC9EAF2DFDE5 /* ApplePlatformSignalProvider.swift in Sources */ = {isa = PBXBuildFile; fileRef = F59DF4C04B975718AB2E308A /* ApplePlatformSignalProvider.swift */; };
		EB421BFDB3D4D610383923F1 /* ApplePlatformSignalProviderCWChannelBandTests.swift in Sources */ = {isa = PBXBuildFile; fileRef = 4A0979A51676CC7785121587 /* ApplePlatformSignalProviderCWChannelBandTests.swift */; };
		EB7A405CD698C36FF965DEFC /* LinkaPlusWordmarkView.swift in Sources */ = {isa = PBXBuildFile; fileRef = D579EFF3B620AD5DF92A3A87 /* LinkaPlusWordmarkView.swift */; };
		EBB07AE0AC66329D52CC1475 /* 01-entenda-sua-conexao.png in Resources */ = {isa = PBXBuildFile; fileRef = DD4013816C833AF6D4EBCB3A /* 01-entenda-sua-conexao.png */; };
		EDB56794300BC7672DA8F80B /* LinkaWidgetShared in Frameworks */ = {isa = PBXBuildFile; productRef = A80A78B4DB132E6B27081B7D /* LinkaWidgetShared */; };
		EDEF20B20E5B665AE314BE04 /* LinkaExternalLinks.swift in Sources */ = {isa = PBXBuildFile; fileRef = A8AF9B7DA6D4CDD2574E7338 /* LinkaExternalLinks.swift */; };
		EF62A8D76558A6AE56DB658A /* LinkaWidgetShared in Frameworks */ = {isa = PBXBuildFile; productRef = FA1CE84A7C31AEF2F4A97972 /* LinkaWidgetShared */; };
		EFE90B32EE9F3C3441921A5D /* LinkaModules in Frameworks */ = {isa = PBXBuildFile; productRef = F9AA1524670AA76CD25C8EE7 /* LinkaModules */; };
		F4045A0A948894F658AD747A /* 05-assist2.png in Resources */ = {isa = PBXBuildFile; fileRef = 08911C8048C417731D63941B /* 05-assist2.png */; };
		F492A685388DF380C07F0B86 /* AssistViewModel.swift in Sources */ = {isa = PBXBuildFile; fileRef = DD77BB89224BDA9466A65983 /* AssistViewModel.swift */; };
		F563C68AAD0FF6D4B4B4E33E /* WiFiNetworkPermission.swift in Sources */ = {isa = PBXBuildFile; fileRef = 55521AF45A9C7EF8F0709A96 /* WiFiNetworkPermission.swift */; };
		F77CBC3EB2009824FB9840BB /* UsageSuitabilityCopy.swift in Sources */ = {isa = PBXBuildFile; fileRef = C4F8279085EE690722DC2381 /* UsageSuitabilityCopy.swift */; };
		F815AC931A0B322F582169DA /* Simulator Screenshot - iPhone 17 Pro - 2026-09-04 at 00.08.55.png in Resources */ = {isa = PBXBuildFile; fileRef = 3736630FD62CBE88D8011A68 /* Simulator Screenshot - iPhone 17 Pro - 2026-09-04 at 00.08.55.png */; };
		F845AE6E141A8BCBA2AD0272 /* 04-assist1.png in Resources */ = {isa = PBXBuildFile; fileRef = 6A875C6193D28AF210E71F16 /* 04-assist1.png */; };
		FB04D476B3C59CD38514B55C /* NetworkStabilityPatternsViewModel.swift in Sources */ = {isa = PBXBuildFile; fileRef = 641020ADE92F07BF8F597BD6 /* NetworkStabilityPatternsViewModel.swift */; };
		FB2E235653F8530D066FD804 /* WiFiNetworkPermission.swift in Sources */ = {isa = PBXBuildFile; fileRef = 55521AF45A9C7EF8F0709A96 /* WiFiNetworkPermission.swift */; };
		FD6BAD30F4F388AEBF0AAB9F /* PurchaseEntryPoint.swift in Sources */ = {isa = PBXBuildFile; fileRef = 44FD51918BF9314D06858F94 /* PurchaseEntryPoint.swift */; };
/* End PBXBuildFile section */

/* Begin PBXContainerItemProxy section */
		291FBAEC93F016DFAE3D8174 /* PBXContainerItemProxy */ = {
			isa = PBXContainerItemProxy;
			containerPortal = ED928F4DB6D51F4BE84E816D /* Project object */;
			proxyType = 1;
			remoteGlobalIDString = 675DFA678F2EAE7C57E6EC9C;
			remoteInfo = LinkaApp_iOS;
		};
		9FB5A836CC980BEE4039A376 /* PBXContainerItemProxy */ = {
			isa = PBXContainerItemProxy;
			containerPortal = ED928F4DB6D51F4BE84E816D /* Project object */;
			proxyType = 1;
			remoteGlobalIDString = 675DFA678F2EAE7C57E6EC9C;
			remoteInfo = LinkaApp_iOS;
		};
		C3BBF182BE28949612624ABC /* PBXContainerItemProxy */ = {
			isa = PBXContainerItemProxy;
			containerPortal = ED928F4DB6D51F4BE84E816D /* Project object */;
			proxyType = 1;
			remoteGlobalIDString = 184D119CB06D3356F99CEDFE;
			remoteInfo = LinkaWidgetExtension;
		};
/* End PBXContainerItemProxy section */

/* Begin PBXCopyFilesBuildPhase section */
		DF4A767CDCA96BEC574E1B40 /* Embed Foundation Extensions */ = {
			isa = PBXCopyFilesBuildPhase;
			buildActionMask = 2147483647;
			dstPath = "";
			dstSubfolderSpec = 13;
			files = (
				5DA4E299822FB8F13A83E605 /* LinkaWidgetExtension.appex in Embed Foundation Extensions */,
			);
			name = "Embed Foundation Extensions";
			runOnlyForDeploymentPostprocessing = 0;
		};
/* End PBXCopyFilesBuildPhase section */

/* Begin PBXFileReference section */
		05A448E4B038B0099A9F43E4 /* LinkaHealthCheck.swift */ = {isa = PBXFileReference; lastKnownFileType = sourcecode.swift; name = LinkaHealthCheck.swift; path = "LinkaApp/Sources/Adapters/LinkaHealthCheck.swift"; sourceTree = SOURCE_ROOT; };
		08911C8048C417731D63941B /* 05-assist2.png */ = {isa = PBXFileReference; lastKnownFileType = image.png; path = "05-assist2.png"; sourceTree = "<group>"; };
		0BF377B5E1688176727142AF /* ConnectionPathView.swift */ = {isa = PBXFileReference; lastKnownFileType = sourcecode.swift; path = ConnectionPathView.swift; sourceTree = "<group>"; };
		0D1B97BED85D92A6875D8B5A /* 03-contexto.png */ = {isa = PBXFileReference; lastKnownFileType = image.png; path = "03-contexto.png"; sourceTree = "<group>"; };
		1056216026BABB240C8AC371 /* PurchaseSheet.swift */ = {isa = PBXFileReference; lastKnownFileType = sourcecode.swift; path = PurchaseSheet.swift; sourceTree = "<group>"; };
		17341010AD6A54D297DD1469 /* MeasurementHistoryCloudKit */ = {isa = PBXFileReference; lastKnownFileType = folder; name = MeasurementHistoryCloudKit; path = MeasurementHistoryCloudKit; sourceTree = SOURCE_ROOT; };
		179DA64F9C7059B7A140B92E /* MetricRing.swift */ = {isa = PBXFileReference; lastKnownFileType = sourcecode.swift; path = MetricRing.swift; sourceTree = "<group>"; };
		240C677AB8218C3DE05600FB /* StatDisplay.swift */ = {isa = PBXFileReference; lastKnownFileType = sourcecode.swift; path = StatDisplay.swift; sourceTree = "<group>"; };
		2C0AD568FBC4A919681763D6 /* LinkaAppIntents */ = {isa = PBXFileReference; lastKnownFileType = folder; name = LinkaAppIntents; path = LinkaAppIntents; sourceTree = SOURCE_ROOT; };
		2C8ADAB36D0CC32BA436AFE3 /* LinkaAppShortcuts.swift */ = {isa = PBXFileReference; lastKnownFileType = sourcecode.swift; path = LinkaAppShortcuts.swift; sourceTree = "<group>"; };
		3234D1B179CE201E17961385 /* SplashView.swift */ = {isa = PBXFileReference; lastKnownFileType = sourcecode.swift; path = SplashView.swift; sourceTree = "<group>"; };
		328D0AC42D7699A0B421F1F3 /* LinkaWidgetExtension.appex */ = {isa = PBXFileReference; includeInIndex = 0; lastKnownFileType = "wrapper.app-extension"; path = LinkaWidgetExtension.appex; sourceTree = BUILT_PRODUCTS_DIR; };
		3736630FD62CBE88D8011A68 /* Simulator Screenshot - iPhone 17 Pro - 2026-09-04 at 00.08.55.png */ = {isa = PBXFileReference; lastKnownFileType = image.png; path = "Simulator Screenshot - iPhone 17 Pro - 2026-09-04 at 00.08.55.png"; sourceTree = "<group>"; };
		3BE450192B7DC663DC0F0F91 /* LinkaAppUITests.xctest */ = {isa = PBXFileReference; includeInIndex = 0; lastKnownFileType = wrapper.cfbundle; path = LinkaAppUITests.xctest; sourceTree = BUILT_PRODUCTS_DIR; };
		3FC86B98A2A57170994EBE68 /* Simulator Screenshot - iPhone 17 Pro - 2026-09-04 at 00.08.31.png */ = {isa = PBXFileReference; lastKnownFileType = image.png; path = "Simulator Screenshot - iPhone 17 Pro - 2026-09-04 at 00.08.31.png"; sourceTree = "<group>"; };
		407C59990EED2DC1040BF42E /* AssistView.swift */ = {isa = PBXFileReference; lastKnownFileType = sourcecode.swift; path = AssistView.swift; sourceTree = "<group>"; };
		43FDC4D087897BC1FC0C88DD /* DesignSystem.swift */ = {isa = PBXFileReference; lastKnownFileType = sourcecode.swift; path = DesignSystem.swift; sourceTree = "<group>"; };
		44FD51918BF9314D06858F94 /* PurchaseEntryPoint.swift */ = {isa = PBXFileReference; lastKnownFileType = sourcecode.swift; path = PurchaseEntryPoint.swift; sourceTree = "<group>"; };
		46F4505095861E3713A028A2 /* SettingsProductionStateTests.swift */ = {isa = PBXFileReference; lastKnownFileType = sourcecode.swift; path = SettingsProductionStateTests.swift; sourceTree = "<group>"; };
		4781F293BF600F767AD519F6 /* ConnectionPathDetailView.swift */ = {isa = PBXFileReference; lastKnownFileType = sourcecode.swift; path = ConnectionPathDetailView.swift; sourceTree = "<group>"; };
		4A0979A51676CC7785121587 /* ApplePlatformSignalProviderCWChannelBandTests.swift */ = {isa = PBXFileReference; lastKnownFileType = sourcecode.swift; path = ApplePlatformSignalProviderCWChannelBandTests.swift; sourceTree = "<group>"; };
		4A3935B041B5930F03590DCB /* 02-resultado.png */ = {isa = PBXFileReference; lastKnownFileType = image.png; path = "02-resultado.png"; sourceTree = "<group>"; };
		4AA2E4A391D36FDA86E36727 /* LinkaEngine */ = {isa = PBXFileReference; lastKnownFileType = folder; name = LinkaEngine; path = LinkaEngine; sourceTree = SOURCE_ROOT; };
		4C18C21A5058B411187DFB0D /* 02-resultado.png */ = {isa = PBXFileReference; lastKnownFileType = image.png; path = "02-resultado.png"; sourceTree = "<group>"; };
		4D0615340FFF59EAAF050BE2 /* LinkaModules */ = {isa = PBXFileReference; lastKnownFileType = folder; name = LinkaModules; path = LinkaModules; sourceTree = SOURCE_ROOT; };
		4F6C710FA9D415DDBB3316F9 /* BannerView.swift */ = {isa = PBXFileReference; lastKnownFileType = sourcecode.swift; path = BannerView.swift; sourceTree = "<group>"; };
		5306A9B9735CAA5118F099E0 /* LinkaAppTests.xctest */ = {isa = PBXFileReference; includeInIndex = 0; lastKnownFileType = wrapper.cfbundle; path = LinkaAppTests.xctest; sourceTree = BUILT_PRODUCTS_DIR; };
		55521AF45A9C7EF8F0709A96 /* WiFiNetworkPermission.swift */ = {isa = PBXFileReference; lastKnownFileType = sourcecode.swift; path = WiFiNetworkPermission.swift; sourceTree = "<group>"; };
		57683E1EF231CFAB7DA64C37 /* Simulator Screenshot - iPhone 17 Pro - 2026-09-04 at 00.08.16.png */ = {isa = PBXFileReference; lastKnownFileType = image.png; path = "Simulator Screenshot - iPhone 17 Pro - 2026-09-04 at 00.08.16.png"; sourceTree = "<group>"; };
		5A6971747152D0754E5176E4 /* UsageDiagnosticsView.swift */ = {isa = PBXFileReference; lastKnownFileType = sourcecode.swift; path = UsageDiagnosticsView.swift; sourceTree = "<group>"; };
		5B98EA5D29714616A7E9B981 /* Simulator Screenshot - iPhone 17 Pro - 2026-09-04 at 00.08.51.png */ = {isa = PBXFileReference; lastKnownFileType = image.png; path = "Simulator Screenshot - iPhone 17 Pro - 2026-09-04 at 00.08.51.png"; sourceTree = "<group>"; };
		5D7798E2D1800A4FF1C0E30E /* ShareCardView.swift */ = {isa = PBXFileReference; lastKnownFileType = sourcecode.swift; path = ShareCardView.swift; sourceTree = "<group>"; };
		5E03F3D02E4F5A54E54C94A7 /* NetworkStabilityPatternsViewModelTests.swift */ = {isa = PBXFileReference; lastKnownFileType = sourcecode.swift; path = NetworkStabilityPatternsViewModelTests.swift; sourceTree = "<group>"; };
		6052814E829E396518A3EB18 /* LinkaWidgetBundle.swift */ = {isa = PBXFileReference; lastKnownFileType = sourcecode.swift; path = LinkaWidgetBundle.swift; sourceTree = "<group>"; };
		641020ADE92F07BF8F597BD6 /* NetworkStabilityPatternsViewModel.swift */ = {isa = PBXFileReference; lastKnownFileType = sourcecode.swift; path = NetworkStabilityPatternsViewModel.swift; sourceTree = "<group>"; };
		647AB617F0B68B7D63BE2191 /* AssistTeaserCard.swift */ = {isa = PBXFileReference; lastKnownFileType = sourcecode.swift; path = AssistTeaserCard.swift; sourceTree = "<group>"; };
		66CBF1A76A2700A86FB6D257 /* LinkaSpeedTestWidget.swift */ = {isa = PBXFileReference; lastKnownFileType = sourcecode.swift; path = LinkaSpeedTestWidget.swift; sourceTree = "<group>"; };
		6935758C28176CC335C491C7 /* AppStoreScreenshotsUITests.swift */ = {isa = PBXFileReference; lastKnownFileType = sourcecode.swift; path = AppStoreScreenshotsUITests.swift; sourceTree = "<group>"; };
		6A875C6193D28AF210E71F16 /* 04-assist1.png */ = {isa = PBXFileReference; lastKnownFileType = image.png; path = "04-assist1.png"; sourceTree = "<group>"; };
		6A9D4D7C89F04134D07DD7E2 /* LinkaHealthCheckTests.swift */ = {isa = PBXFileReference; lastKnownFileType = sourcecode.swift; name = LinkaHealthCheckTests.swift; path = "LinkaApp/Tests/LinkaHealthCheckTests.swift"; sourceTree = SOURCE_ROOT; };
		6F3C93A80DDDCD9D80E5235B /* LinkaApp.app */ = {isa = PBXFileReference; includeInIndex = 0; lastKnownFileType = wrapper.application; path = LinkaApp.app; sourceTree = BUILT_PRODUCTS_DIR; };
		72C35725E79C96780D745AB7 /* LinkaApp.swift */ = {isa = PBXFileReference; lastKnownFileType = sourcecode.swift; path = LinkaApp.swift; sourceTree = "<group>"; };
		736F109DF0DF1C50DFAF202C /* SettingsSheet.swift */ = {isa = PBXFileReference; lastKnownFileType = sourcecode.swift; path = SettingsSheet.swift; sourceTree = "<group>"; };
		7694CFAF5507ABCAB530D345 /* Simulator Screenshot - iPhone 17 Pro - 2026-09-04 at 00.07.47.png */ = {isa = PBXFileReference; lastKnownFileType = image.png; path = "Simulator Screenshot - iPhone 17 Pro - 2026-09-04 at 00.07.47.png"; sourceTree = "<group>"; };
		78285EB65890B076CF8D41D4 /* AssistViewModelTests.swift */ = {isa = PBXFileReference; lastKnownFileType = sourcecode.swift; path = AssistViewModelTests.swift; sourceTree = "<group>"; };
		8041784263895147F69C02D2 /* Assets.xcassets */ = {isa = PBXFileReference; lastKnownFileType = folder.assetcatalog; path = Assets.xcassets; sourceTree = "<group>"; };
		8DD4A980DC574793818E97A1 /* AssistContainer.swift */ = {isa = PBXFileReference; lastKnownFileType = sourcecode.swift; path = AssistContainer.swift; sourceTree = "<group>"; };
		9B78B9DAB08F95A0C65F5E3F /* Simulator Screenshot - iPhone 17 Pro - 2026-09-04 at 00.07.40.png */ = {isa = PBXFileReference; lastKnownFileType = image.png; path = "Simulator Screenshot - iPhone 17 Pro - 2026-09-04 at 00.07.40.png"; sourceTree = "<group>"; };
		A41173010B41EF48DE2606B1 /* ExpertModeMigrationBanner.swift */ = {isa = PBXFileReference; lastKnownFileType = sourcecode.swift; path = ExpertModeMigrationBanner.swift; sourceTree = "<group>"; };
		A8AF9B7DA6D4CDD2574E7338 /* LinkaExternalLinks.swift */ = {isa = PBXFileReference; lastKnownFileType = sourcecode.swift; path = LinkaExternalLinks.swift; sourceTree = "<group>"; };
		A955FDE679C032C5443EEF5D /* SpeedTestViewModelScenePhaseTests.swift */ = {isa = PBXFileReference; lastKnownFileType = sourcecode.swift; path = SpeedTestViewModelScenePhaseTests.swift; sourceTree = "<group>"; };
		B7921F180B5C7EC49B0B1D48 /* AppIntentCoordinator.swift */ = {isa = PBXFileReference; lastKnownFileType = sourcecode.swift; path = AppIntentCoordinator.swift; sourceTree = "<group>"; };
		B8A27A3A416A9EAF5A075A2C /* FeatureFlags.swift */ = {isa = PBXFileReference; lastKnownFileType = sourcecode.swift; path = FeatureFlags.swift; sourceTree = "<group>"; };
		C3384AC2B411804CD498D876 /* LinkaHealthCheck.swift */ = {isa = PBXFileReference; lastKnownFileType = sourcecode.swift; name = LinkaHealthCheck.swift; path = "LinkaApp/Sources/Adapters/LinkaHealthCheck.swift"; sourceTree = SOURCE_ROOT; };
		C4F8279085EE690722DC2381 /* UsageSuitabilityCopy.swift */ = {isa = PBXFileReference; lastKnownFileType = sourcecode.swift; path = UsageSuitabilityCopy.swift; sourceTree = "<group>"; };
		C60A040FE4E49231CD858102 /* MainView.swift */ = {isa = PBXFileReference; lastKnownFileType = sourcecode.swift; path = MainView.swift; sourceTree = "<group>"; };
		CA202D7A1FB600A3F43CD0ED /* AssistProblemSelectionView.swift */ = {isa = PBXFileReference; lastKnownFileType = sourcecode.swift; path = AssistProblemSelectionView.swift; sourceTree = "<group>"; };
		CD0E9FA3F3C9159A1B51BA82 /* 01-home.png */ = {isa = PBXFileReference; lastKnownFileType = image.png; path = "01-home.png"; sourceTree = "<group>"; };
		CF33003E49F44DE9A2057329 /* README.md */ = {isa = PBXFileReference; lastKnownFileType = net.daringfireball.markdown; path = README.md; sourceTree = "<group>"; };
		D0E2413E81B1C0AF7D31BBC0 /* AssistFailureSignalMapping.swift */ = {isa = PBXFileReference; lastKnownFileType = sourcecode.swift; path = AssistFailureSignalMapping.swift; sourceTree = "<group>"; };
		D1FD5CA0E57F84DC90BE11A5 /* HistoricalMeasurementDetailView.swift */ = {isa = PBXFileReference; lastKnownFileType = sourcecode.swift; path = HistoricalMeasurementDetailView.swift; sourceTree = "<group>"; };
		D579EFF3B620AD5DF92A3A87 /* LinkaPlusWordmarkView.swift */ = {isa = PBXFileReference; lastKnownFileType = sourcecode.swift; path = LinkaPlusWordmarkView.swift; sourceTree = "<group>"; };
		DA0EFE129DED2C73A20E81CA /* AssistViewCloseSheetTests.swift */ = {isa = PBXFileReference; lastKnownFileType = sourcecode.swift; path = AssistViewCloseSheetTests.swift; sourceTree = "<group>"; };
		DD4013816C833AF6D4EBCB3A /* 01-entenda-sua-conexao.png */ = {isa = PBXFileReference; lastKnownFileType = image.png; path = "01-entenda-sua-conexao.png"; sourceTree = "<group>"; };
		DD77BB89224BDA9466A65983 /* AssistViewModel.swift */ = {isa = PBXFileReference; lastKnownFileType = sourcecode.swift; path = AssistViewModel.swift; sourceTree = "<group>"; };
		DE74213A4D06EC1A6FF5E698 /* LinkaWidgetShared */ = {isa = PBXFileReference; lastKnownFileType = folder; name = LinkaWidgetShared; path = LinkaWidgetShared; sourceTree = SOURCE_ROOT; };
		DE87CDDD63F493ADD2C14B84 /* ConnectivityTriageView.swift */ = {isa = PBXFileReference; lastKnownFileType = sourcecode.swift; path = ConnectivityTriageView.swift; sourceTree = "<group>"; };
		E3B3AA7959A5149C12DAD039 /* LinkaApp.app */ = {isa = PBXFileReference; explicitFileType = wrapper.application; includeInIndex = 0; path = LinkaApp.app; sourceTree = BUILT_PRODUCTS_DIR; };
		E40C2EB9152AB6535BCF1740 /* LinkaWidgetTimelineProvider.swift */ = {isa = PBXFileReference; lastKnownFileType = sourcecode.swift; path = LinkaWidgetTimelineProvider.swift; sourceTree = "<group>"; };
		E7936AC36AB6A238A31BCF85 /* UsageSuitabilityCopyQualityLevelTests.swift */ = {isa = PBXFileReference; lastKnownFileType = sourcecode.swift; path = UsageSuitabilityCopyQualityLevelTests.swift; sourceTree = "<group>"; };
		E816515881C246C6E28B0653 /* SpeedTestViewModel.swift */ = {isa = PBXFileReference; lastKnownFileType = sourcecode.swift; path = SpeedTestViewModel.swift; sourceTree = "<group>"; };
		E86E6389194D1938B09BEE51 /* HistoryView.swift */ = {isa = PBXFileReference; lastKnownFileType = sourcecode.swift; path = HistoryView.swift; sourceTree = "<group>"; };
		F3E5050B3CBDDCC2A9F2BA57 /* PhaseDots.swift */ = {isa = PBXFileReference; lastKnownFileType = sourcecode.swift; path = PhaseDots.swift; sourceTree = "<group>"; };
		F59DF4C04B975718AB2E308A /* ApplePlatformSignalProvider.swift */ = {isa = PBXFileReference; lastKnownFileType = sourcecode.swift; path = ApplePlatformSignalProvider.swift; sourceTree = "<group>"; };
		F6D72124FDD0CB4E07F4E7B5 /* ShareSheet.swift */ = {isa = PBXFileReference; lastKnownFileType = sourcecode.swift; path = ShareSheet.swift; sourceTree = "<group>"; };
		F8549C59760252CA889B5156 /* MeasurementDetailView.swift */ = {isa = PBXFileReference; lastKnownFileType = sourcecode.swift; path = MeasurementDetailView.swift; sourceTree = "<group>"; };
		F959B2CBD5E8F278F7B85F54 /* 06-historico.png */ = {isa = PBXFileReference; lastKnownFileType = image.png; path = "06-historico.png"; sourceTree = "<group>"; };
		FB32ED976CC4BE668BB83D5C /* SpeedTestViewModelResultTimingTests.swift */ = {isa = PBXFileReference; lastKnownFileType = sourcecode.swift; path = SpeedTestViewModelResultTimingTests.swift; sourceTree = "<group>"; };
		FC264CF05674D25561146FCA /* NetworkConnectivityTriage */ = {isa = PBXFileReference; lastKnownFileType = folder; name = NetworkConnectivityTriage; path = NetworkConnectivityTriage; sourceTree = SOURCE_ROOT; };
/* End PBXFileReference section */

/* Begin PBXFrameworksBuildPhase section */
		94447CFB39A6728A3AA362CD /* Frameworks */ = {
			isa = PBXFrameworksBuildPhase;
			buildActionMask = 2147483647;
			files = (
				460A04738C58DD0F7081552C /* LinkaEngine in Frameworks */,
				EFE90B32EE9F3C3441921A5D /* LinkaModules in Frameworks */,
				C52F715538667A43E3CCA1CA /* NetworkConnectivityTriage in Frameworks */,
				00A7755F227C8F2E95585610 /* LinkaAppIntents in Frameworks */,
				5D7BDF1FC123A9F789F0B323 /* MeasurementHistoryCloudKit in Frameworks */,
				EF62A8D76558A6AE56DB658A /* LinkaWidgetShared in Frameworks */,
			);
			runOnlyForDeploymentPostprocessing = 0;
		};
		C393F58815966F848DDF3AB9 /* Frameworks */ = {
			isa = PBXFrameworksBuildPhase;
			buildActionMask = 2147483647;
			files = (
				A475A78FD53F375ED48B3017 /* LinkaAppIntents in Frameworks */,
				EDB56794300BC7672DA8F80B /* LinkaWidgetShared in Frameworks */,
			);
			runOnlyForDeploymentPostprocessing = 0;
		};
		E1D185F97EAADEA7044B006E /* Frameworks */ = {
			isa = PBXFrameworksBuildPhase;
			buildActionMask = 2147483647;
			files = (
				847E859C6B4B4BC90D19D8BE /* LinkaEngine in Frameworks */,
				2D978D5BAD95A0E29AE7AE85 /* LinkaModules in Frameworks */,
				CF756CF19A8EA39ED487FAD2 /* NetworkConnectivityTriage in Frameworks */,
				474E1128931717978D424844 /* LinkaAppIntents in Frameworks */,
				150054BB7218EF39FF3A2EF5 /* MeasurementHistoryCloudKit in Frameworks */,
				92BDECB59E8455FF2995F4BF /* LinkaWidgetShared in Frameworks */,
			);
			runOnlyForDeploymentPostprocessing = 0;
		};
/* End PBXFrameworksBuildPhase section */

/* Begin PBXGroup section */
		01EAA90362DC22B525DC5FAD /* Sources */ = {
			isa = PBXGroup;
			children = (
				8041784263895147F69C02D2 /* Assets.xcassets */,
				72C35725E79C96780D745AB7 /* LinkaApp.swift */,
				FE806FE8DD746C3F89D8F698 /* Adapters */,
				1DA7592233D0036B407FD342 /* Support */,
				10937898CCD45A4354EAA6CF /* UI */,
			);
			name = Sources;
			path = LinkaApp/Sources;
			sourceTree = "<group>";
		};
		10937898CCD45A4354EAA6CF /* UI */ = {
			isa = PBXGroup;
			children = (
				CA202D7A1FB600A3F43CD0ED /* AssistProblemSelectionView.swift */,
				647AB617F0B68B7D63BE2191 /* AssistTeaserCard.swift */,
				407C59990EED2DC1040BF42E /* AssistView.swift */,
				4F6C710FA9D415DDBB3316F9 /* BannerView.swift */,
				4781F293BF600F767AD519F6 /* ConnectionPathDetailView.swift */,
				0BF377B5E1688176727142AF /* ConnectionPathView.swift */,
				DE87CDDD63F493ADD2C14B84 /* ConnectivityTriageView.swift */,
				43FDC4D087897BC1FC0C88DD /* DesignSystem.swift */,
				A41173010B41EF48DE2606B1 /* ExpertModeMigrationBanner.swift */,
				D1FD5CA0E57F84DC90BE11A5 /* HistoricalMeasurementDetailView.swift */,
				E86E6389194D1938B09BEE51 /* HistoryView.swift */,
				D579EFF3B620AD5DF92A3A87 /* LinkaPlusWordmarkView.swift */,
				C60A040FE4E49231CD858102 /* MainView.swift */,
				F8549C59760252CA889B5156 /* MeasurementDetailView.swift */,
				179DA64F9C7059B7A140B92E /* MetricRing.swift */,
				F3E5050B3CBDDCC2A9F2BA57 /* PhaseDots.swift */,
				44FD51918BF9314D06858F94 /* PurchaseEntryPoint.swift */,
				1056216026BABB240C8AC371 /* PurchaseSheet.swift */,
				736F109DF0DF1C50DFAF202C /* SettingsSheet.swift */,
				5D7798E2D1800A4FF1C0E30E /* ShareCardView.swift */,
				F6D72124FDD0CB4E07F4E7B5 /* ShareSheet.swift */,
				3234D1B179CE201E17961385 /* SplashView.swift */,
				240C677AB8218C3DE05600FB /* StatDisplay.swift */,
				5A6971747152D0754E5176E4 /* UsageDiagnosticsView.swift */,
				C4F8279085EE690722DC2381 /* UsageSuitabilityCopy.swift */,
				55521AF45A9C7EF8F0709A96 /* WiFiNetworkPermission.swift */,
			);
			path = UI;
			sourceTree = "<group>";
		};
		1DA7592233D0036B407FD342 /* Support */ = {
			isa = PBXGroup;
			children = (
				A8AF9B7DA6D4CDD2574E7338 /* LinkaExternalLinks.swift */,
			);
			path = Support;
			sourceTree = "<group>";
		};
		24BB651090AE1FE408377D7B /* Tests */ = {
			isa = PBXGroup;
			children = (
				4A0979A51676CC7785121587 /* ApplePlatformSignalProviderCWChannelBandTests.swift */,
				DA0EFE129DED2C73A20E81CA /* AssistViewCloseSheetTests.swift */,
				78285EB65890B076CF8D41D4 /* AssistViewModelTests.swift */,
				5E03F3D02E4F5A54E54C94A7 /* NetworkStabilityPatternsViewModelTests.swift */,
				46F4505095861E3713A028A2 /* SettingsProductionStateTests.swift */,
				FB32ED976CC4BE668BB83D5C /* SpeedTestViewModelResultTimingTests.swift */,
				A955FDE679C032C5443EEF5D /* SpeedTestViewModelScenePhaseTests.swift */,
				E7936AC36AB6A238A31BCF85 /* UsageSuitabilityCopyQualityLevelTests.swift */,
			);
			name = Tests;
			path = LinkaApp/Tests;
			sourceTree = "<group>";
		};
		46CB6B0A1845242346BCC90C = {
			isa = PBXGroup;
			children = (
				74BE8B9347AA0733AE0FE973 /* Packages */,
				F31F3C6B2C604A0870147A34 /* screenshots */,
				01EAA90362DC22B525DC5FAD /* Sources */,
				A6B765D5F58E9472B6A80425 /* Sources */,
				24BB651090AE1FE408377D7B /* Tests */,
				89593D469806B613A3DDE80D /* Products */,
				C3384AC2B411804CD498D876 /* LinkaHealthCheck.swift */,
				05A448E4B038B0099A9F43E4 /* LinkaHealthCheck.swift */,
				6A9D4D7C89F04134D07DD7E2 /* LinkaHealthCheckTests.swift */,
			);
			sourceTree = "<group>";
		};
		531A63B2A42656FC5BEEF6EB /* fontes */ = {
			isa = PBXGroup;
			children = (
				9DB9D2C7E6270D4D7D169F24 /* iphone */,
			);
			path = fontes;
			sourceTree = "<group>";
		};
		58A6EA84C6C569658B3A966F /* final */ = {
			isa = PBXGroup;
			children = (
				D3AD365A22FEFCD78811BF0E /* pt-BR */,
			);
			path = final;
			sourceTree = "<group>";
		};
		74BE8B9347AA0733AE0FE973 /* Packages */ = {
			isa = PBXGroup;
			children = (
				2C0AD568FBC4A919681763D6 /* LinkaAppIntents */,
				4AA2E4A391D36FDA86E36727 /* LinkaEngine */,
				4D0615340FFF59EAAF050BE2 /* LinkaModules */,
				DE74213A4D06EC1A6FF5E698 /* LinkaWidgetShared */,
				17341010AD6A54D297DD1469 /* MeasurementHistoryCloudKit */,
				FC264CF05674D25561146FCA /* NetworkConnectivityTriage */,
			);
			name = Packages;
			sourceTree = "<group>";
		};
		89593D469806B613A3DDE80D /* Products */ = {
			isa = PBXGroup;
			children = (
				6F3C93A80DDDCD9D80E5235B /* LinkaApp.app */,
				E3B3AA7959A5149C12DAD039 /* LinkaApp.app */,
				5306A9B9735CAA5118F099E0 /* LinkaAppTests.xctest */,
				3BE450192B7DC663DC0F0F91 /* LinkaAppUITests.xctest */,
				328D0AC42D7699A0B421F1F3 /* LinkaWidgetExtension.appex */,
			);
			name = Products;
			sourceTree = "<group>";
		};
		9DB9D2C7E6270D4D7D169F24 /* iphone */ = {
			isa = PBXGroup;
			children = (
				CD0E9FA3F3C9159A1B51BA82 /* 01-home.png */,
				4C18C21A5058B411187DFB0D /* 02-resultado.png */,
				0D1B97BED85D92A6875D8B5A /* 03-contexto.png */,
				6A875C6193D28AF210E71F16 /* 04-assist1.png */,
				08911C8048C417731D63941B /* 05-assist2.png */,
				F959B2CBD5E8F278F7B85F54 /* 06-historico.png */,
				9B78B9DAB08F95A0C65F5E3F /* Simulator Screenshot - iPhone 17 Pro - 2026-09-04 at 00.07.40.png */,
				7694CFAF5507ABCAB530D345 /* Simulator Screenshot - iPhone 17 Pro - 2026-09-04 at 00.07.47.png */,
				57683E1EF231CFAB7DA64C37 /* Simulator Screenshot - iPhone 17 Pro - 2026-09-04 at 00.08.16.png */,
				3FC86B98A2A57170994EBE68 /* Simulator Screenshot - iPhone 17 Pro - 2026-09-04 at 00.08.31.png */,
				5B98EA5D29714616A7E9B981 /* Simulator Screenshot - iPhone 17 Pro - 2026-09-04 at 00.08.51.png */,
				3736630FD62CBE88D8011A68 /* Simulator Screenshot - iPhone 17 Pro - 2026-09-04 at 00.08.55.png */,
			);
			path = iphone;
			sourceTree = "<group>";
		};
		A6B765D5F58E9472B6A80425 /* Sources */ = {
			isa = PBXGroup;
			children = (
				66CBF1A76A2700A86FB6D257 /* LinkaSpeedTestWidget.swift */,
				6052814E829E396518A3EB18 /* LinkaWidgetBundle.swift */,
				E40C2EB9152AB6535BCF1740 /* LinkaWidgetTimelineProvider.swift */,
			);
			name = Sources;
			path = LinkaWidget/Sources;
			sourceTree = "<group>";
		};
		CDB36FCFF3548D5A2EB9FF12 /* iphone */ = {
			isa = PBXGroup;
			children = (
				DD4013816C833AF6D4EBCB3A /* 01-entenda-sua-conexao.png */,
				4A3935B041B5930F03590DCB /* 02-resultado.png */,
			);
			path = iphone;
			sourceTree = "<group>";
		};
		D3AD365A22FEFCD78811BF0E /* pt-BR */ = {
			isa = PBXGroup;
			children = (
				CDB36FCFF3548D5A2EB9FF12 /* iphone */,
			);
			path = "pt-BR";
			sourceTree = "<group>";
		};
		F31F3C6B2C604A0870147A34 /* screenshots */ = {
			isa = PBXGroup;
			children = (
				6935758C28176CC335C491C7 /* AppStoreScreenshotsUITests.swift */,
				CF33003E49F44DE9A2057329 /* README.md */,
				58A6EA84C6C569658B3A966F /* final */,
				531A63B2A42656FC5BEEF6EB /* fontes */,
			);
			name = screenshots;
			path = "../store/app-store/screenshots";
			sourceTree = "<group>";
		};
		FE806FE8DD746C3F89D8F698 /* Adapters */ = {
			isa = PBXGroup;
			children = (
				B7921F180B5C7EC49B0B1D48 /* AppIntentCoordinator.swift */,
				F59DF4C04B975718AB2E308A /* ApplePlatformSignalProvider.swift */,
				8DD4A980DC574793818E97A1 /* AssistContainer.swift */,
				D0E2413E81B1C0AF7D31BBC0 /* AssistFailureSignalMapping.swift */,
				DD77BB89224BDA9466A65983 /* AssistViewModel.swift */,
				B8A27A3A416A9EAF5A075A2C /* FeatureFlags.swift */,
				2C8ADAB36D0CC32BA436AFE3 /* LinkaAppShortcuts.swift */,
				641020ADE92F07BF8F597BD6 /* NetworkStabilityPatternsViewModel.swift */,
				E816515881C246C6E28B0653 /* SpeedTestViewModel.swift */,
			);
			path = Adapters;
			sourceTree = "<group>";
		};
/* End PBXGroup section */

/* Begin PBXNativeTarget section */
		184D119CB06D3356F99CEDFE /* LinkaWidgetExtension */ = {
			isa = PBXNativeTarget;
			buildConfigurationList = 0D6779A0CBC722E81EF2B2E0 /* Build configuration list for PBXNativeTarget "LinkaWidgetExtension" */;
			buildPhases = (
				02BE901BA8C2478A1FE52955 /* Sources */,
				C393F58815966F848DDF3AB9 /* Frameworks */,
			);
			buildRules = (
			);
			dependencies = (
			);
			name = LinkaWidgetExtension;
			packageProductDependencies = (
				AF94459C34286AD1C350EB80 /* LinkaAppIntents */,
				A80A78B4DB132E6B27081B7D /* LinkaWidgetShared */,
			);
			productName = LinkaWidgetExtension;
			productReference = 328D0AC42D7699A0B421F1F3 /* LinkaWidgetExtension.appex */;
			productType = "com.apple.product-type.app-extension";
		};
		3F2ED16AA6022DBB7650DAC5 /* LinkaAppUITests */ = {
			isa = PBXNativeTarget;
			buildConfigurationList = 13449E091B50C6942BF6F931 /* Build configuration list for PBXNativeTarget "LinkaAppUITests" */;
			buildPhases = (
				47FA07186FAD066A9E2C6008 /* Sources */,
				7FBD9BF2C98CF9CE1F4F1D78 /* Resources */,
			);
			buildRules = (
			);
			dependencies = (
				3B4473C79C0D5EA9D957A7AF /* PBXTargetDependency */,
			);
			name = LinkaAppUITests;
			packageProductDependencies = (
			);
			productName = LinkaAppUITests;
			productReference = 3BE450192B7DC663DC0F0F91 /* LinkaAppUITests.xctest */;
			productType = "com.apple.product-type.bundle.ui-testing";
		};
		57D0A290943F86C259A182B6 /* LinkaAppTests */ = {
			isa = PBXNativeTarget;
			buildConfigurationList = 2FE1BBA86146A36ED89B65AD /* Build configuration list for PBXNativeTarget "LinkaAppTests" */;
			buildPhases = (
				FD9169D50D7812D42351E7DC /* Sources */,
			);
			buildRules = (
			);
			dependencies = (
				2E13A9D733B01D8295BE2350 /* PBXTargetDependency */,
			);
			name = LinkaAppTests;
			packageProductDependencies = (
			);
			productName = LinkaAppTests;
			productReference = 5306A9B9735CAA5118F099E0 /* LinkaAppTests.xctest */;
			productType = "com.apple.product-type.bundle.unit-test";
		};
		675DFA678F2EAE7C57E6EC9C /* LinkaApp_iOS */ = {
			isa = PBXNativeTarget;
			buildConfigurationList = 0002797810EB1E8E1690BF11 /* Build configuration list for PBXNativeTarget "LinkaApp_iOS" */;
			buildPhases = (
				3FFAE97F9159DD684AF3D1D8 /* Sources */,
				606522ED7027B11BD7B91712 /* Resources */,
				94447CFB39A6728A3AA362CD /* Frameworks */,
				DF4A767CDCA96BEC574E1B40 /* Embed Foundation Extensions */,
			);
			buildRules = (
			);
			dependencies = (
				A7580D9090416BABE41D575F /* PBXTargetDependency */,
			);
			name = LinkaApp_iOS;
			packageProductDependencies = (
				32F32DAB5F80BE2584F3A3DB /* LinkaEngine */,
				F9AA1524670AA76CD25C8EE7 /* LinkaModules */,
				CAACD50C2B8842A2FFB7FDB9 /* NetworkConnectivityTriage */,
				4010F854F0753756FEF0C5F0 /* LinkaAppIntents */,
				6924FC50FF8D2EAF983DDAA9 /* MeasurementHistoryCloudKit */,
				FA1CE84A7C31AEF2F4A97972 /* LinkaWidgetShared */,
			);
			productName = LinkaApp_iOS;
			productReference = 6F3C93A80DDDCD9D80E5235B /* LinkaApp.app */;
			productType = "com.apple.product-type.application";
		};
		86DF27BAA01897B036E86CFB /* LinkaApp_macOS */ = {
			isa = PBXNativeTarget;
			buildConfigurationList = 0DFC717478A3BD7F0276E07E /* Build configuration list for PBXNativeTarget "LinkaApp_macOS" */;
			buildPhases = (
				FF61723D51EDB2125611FA26 /* Sources */,
				F4A4216FD0E26C59E74E02ED /* Resources */,
				E1D185F97EAADEA7044B006E /* Frameworks */,
			);
			buildRules = (
			);
			dependencies = (
			);
			name = LinkaApp_macOS;
			packageProductDependencies = (
				86760C16968147ADE1D36961 /* LinkaEngine */,
				2A1ED27B4CE61C438B43B40C /* LinkaModules */,
				A4BBA0D383EFDFF0002A9E76 /* NetworkConnectivityTriage */,
				4EC464D2A27C018FC431B081 /* LinkaAppIntents */,
				B36D3C433D496B8EFF185FF3 /* MeasurementHistoryCloudKit */,
				6C16385D59C93FAD8555D2E3 /* LinkaWidgetShared */,
			);
			productName = LinkaApp_macOS;
			productReference = E3B3AA7959A5149C12DAD039 /* LinkaApp.app */;
			productType = "com.apple.product-type.application";
		};
/* End PBXNativeTarget section */

/* Begin PBXProject section */
		ED928F4DB6D51F4BE84E816D /* Project object */ = {
			isa = PBXProject;
			attributes = {
				BuildIndependentTargetsInParallel = YES;
				LastUpgradeCheck = 1430;
				TargetAttributes = {
					184D119CB06D3356F99CEDFE = {
						DevelopmentTeam = 2Z4T8228GR;
						ProvisioningStyle = Automatic;
					};
					3F2ED16AA6022DBB7650DAC5 = {
						TestTargetID = 675DFA678F2EAE7C57E6EC9C;
					};
					675DFA678F2EAE7C57E6EC9C = {
						DevelopmentTeam = 2Z4T8228GR;
						ProvisioningStyle = Automatic;
					};
					86DF27BAA01897B036E86CFB = {
						DevelopmentTeam = 2Z4T8228GR;
						ProvisioningStyle = Automatic;
					};
				};
			};
			buildConfigurationList = C2CE0C2BCF81362355C11576 /* Build configuration list for PBXProject "LinkaApp_iOS" */;
			developmentRegion = en;
			hasScannedForEncodings = 0;
			knownRegions = (
				Base,
				en,
			);
			mainGroup = 46CB6B0A1845242346BCC90C;
			minimizedProjectReferenceProxies = 1;
			packageReferences = (
				1DC1DDFFCC2B5E70B0C79419 /* XCLocalSwiftPackageReference "LinkaAppIntents" */,
				501DCE8450FC9C3F97A936C6 /* XCLocalSwiftPackageReference "LinkaEngine" */,
				622D20AD0BCF2FAAC6BFF7A8 /* XCLocalSwiftPackageReference "LinkaModules" */,
				91839EB7B023EE0F5BD45135 /* XCLocalSwiftPackageReference "LinkaWidgetShared" */,
				B2C64BDD2A8270C25380EDDE /* XCLocalSwiftPackageReference "MeasurementHistoryCloudKit" */,
				498D42432070615E85E2B086 /* XCLocalSwiftPackageReference "NetworkConnectivityTriage" */,
			);
			preferredProjectObjectVersion = 77;
			productRefGroup = 89593D469806B613A3DDE80D /* Products */;
			projectDirPath = "";
			projectRoot = "";
			targets = (
				675DFA678F2EAE7C57E6EC9C /* LinkaApp_iOS */,
				86DF27BAA01897B036E86CFB /* LinkaApp_macOS */,
				3F2ED16AA6022DBB7650DAC5 /* LinkaAppUITests */,
				57D0A290943F86C259A182B6 /* LinkaAppTests */,
				184D119CB06D3356F99CEDFE /* LinkaWidgetExtension */,
			);
		};
/* End PBXProject section */

/* Begin PBXResourcesBuildPhase section */
		606522ED7027B11BD7B91712 /* Resources */ = {
			isa = PBXResourcesBuildPhase;
			buildActionMask = 2147483647;
			files = (
				7FCCC2D2BA834D1A630BE7F9 /* Assets.xcassets in Resources */,
			);
			runOnlyForDeploymentPostprocessing = 0;
		};
		7FBD9BF2C98CF9CE1F4F1D78 /* Resources */ = {
			isa = PBXResourcesBuildPhase;
			buildActionMask = 2147483647;
			files = (
				EBB07AE0AC66329D52CC1475 /* 01-entenda-sua-conexao.png in Resources */,
				17844AA3F865EC3C43DAD6AA /* 01-home.png in Resources */,
				0C8ECCB89B1CEA92EEA79277 /* 02-resultado.png in Resources */,
				8A6275A34C1E4ABEC097590D /* 02-resultado.png in Resources */,
				A11D357CC4C079407819131E /* 03-contexto.png in Resources */,
				F845AE6E141A8BCBA2AD0272 /* 04-assist1.png in Resources */,
				F4045A0A948894F658AD747A /* 05-assist2.png in Resources */,
				114F6A67C7CE3B670CF6AD50 /* 06-historico.png in Resources */,
				4FBFA4B00E64FC22616B4DFF /* README.md in Resources */,
				7CF7BA9E1214806740848A59 /* Simulator Screenshot - iPhone 17 Pro - 2026-09-04 at 00.07.40.png in Resources */,
				6E728101447F1EA3746A18FE /* Simulator Screenshot - iPhone 17 Pro - 2026-09-04 at 00.07.47.png in Resources */,
				29947FA757E77F75A68839DE /* Simulator Screenshot - iPhone 17 Pro - 2026-09-04 at 00.08.16.png in Resources */,
				DFBAB09BCD289AF1EDDDECD0 /* Simulator Screenshot - iPhone 17 Pro - 2026-09-04 at 00.08.31.png in Resources */,
				796DD515901A1A63513D17B1 /* Simulator Screenshot - iPhone 17 Pro - 2026-09-04 at 00.08.51.png in Resources */,
				F815AC931A0B322F582169DA /* Simulator Screenshot - iPhone 17 Pro - 2026-09-04 at 00.08.55.png in Resources */,
			);
			runOnlyForDeploymentPostprocessing = 0;
		};
		F4A4216FD0E26C59E74E02ED /* Resources */ = {
			isa = PBXResourcesBuildPhase;
			buildActionMask = 2147483647;
			files = (
				A1448C6403A7DFB5C5B2FE7F /* Assets.xcassets in Resources */,
			);
			runOnlyForDeploymentPostprocessing = 0;
		};
/* End PBXResourcesBuildPhase section */

/* Begin PBXSourcesBuildPhase section */
		02BE901BA8C2478A1FE52955 /* Sources */ = {
			isa = PBXSourcesBuildPhase;
			buildActionMask = 2147483647;
			files = (
				7D5ACB59AE3B1D2BE7DAE683 /* DesignSystem.swift in Sources */,
				704E919D0F63C3C6A5971FF6 /* LinkaSpeedTestWidget.swift in Sources */,
				AB6FC29CEC4D5920EB901F01 /* LinkaWidgetBundle.swift in Sources */,
				1B7CBE63AC92F88240765348 /* LinkaWidgetTimelineProvider.swift in Sources */,
			);
			runOnlyForDeploymentPostprocessing = 0;
		};
		3FFAE97F9159DD684AF3D1D8 /* Sources */ = {
			isa = PBXSourcesBuildPhase;
			buildActionMask = 2147483647;
			files = (
				A4D9495502DC4C4CEF2BEF0F /* AppIntentCoordinator.swift in Sources */,
				BB664E873410EAC7F101D24B /* ApplePlatformSignalProvider.swift in Sources */,
				7E4521DEE028B6E2786623C9 /* AssistContainer.swift in Sources */,
				8A98ED69419E179DC57A582C /* AssistFailureSignalMapping.swift in Sources */,
				67BE8FBADEF49CAE69360033 /* AssistProblemSelectionView.swift in Sources */,
				CDD3F59B3B734268681868EA /* AssistTeaserCard.swift in Sources */,
				5D2A6786BBAEFBF394159623 /* AssistView.swift in Sources */,
				A625BB41043014209F3CF3B5 /* AssistViewModel.swift in Sources */,
				368C7157F6ECC02B56BC655D /* BannerView.swift in Sources */,
				236F004AEFDE4C625B0DC471 /* ConnectionPathDetailView.swift in Sources */,
				D3535A4ADB8FFC83D989D434 /* ConnectionPathView.swift in Sources */,
				DE3BA840BD598DC6C7F69BA9 /* ConnectivityTriageView.swift in Sources */,
				DDDA516AB439EF732458C5F6 /* DesignSystem.swift in Sources */,
				7D2E75A9C2B6677164470767 /* ExpertModeMigrationBanner.swift in Sources */,
				4378BEF71D28CF01DB5C21C8 /* FeatureFlags.swift in Sources */,
				2503053FE2E1CF272C40AABA /* HistoricalMeasurementDetailView.swift in Sources */,
				1F40D1C6737FB0E30B0EB7EE /* HistoryView.swift in Sources */,
				CF3CD7092B1A2A05068FD02F /* LinkaApp.swift in Sources */,
				2C291F8573C9E0671BC7752F /* LinkaAppShortcuts.swift in Sources */,
				488426897164BFA011DA2076 /* LinkaExternalLinks.swift in Sources */,
				EB7A405CD698C36FF965DEFC /* LinkaPlusWordmarkView.swift in Sources */,
				2AD6E6F6C8A5849D189EFFD5 /* MainView.swift in Sources */,
				603A8E30B36D42DEA88139DD /* MeasurementDetailView.swift in Sources */,
				99DC47095EFAC9A6C617FE64 /* MetricRing.swift in Sources */,
				917E9E7322E9130BA3223569 /* NetworkStabilityPatternsViewModel.swift in Sources */,
				50C85316B3E53EB821D140B2 /* PhaseDots.swift in Sources */,
				4284F5C312145E4BFB3DC18B /* PurchaseEntryPoint.swift in Sources */,
				45C0F482F56FF0A25084CBD1 /* PurchaseSheet.swift in Sources */,
				D1F96FFD9A366D9F61AD5F96 /* SettingsSheet.swift in Sources */,
				0F37916D5092D2B27FFB484D /* ShareCardView.swift in Sources */,
				3FC6EBD2875ECA30B3DF34B0 /* ShareSheet.swift in Sources */,
				E1CC58942197732477D20D52 /* SpeedTestViewModel.swift in Sources */,
				882B1F2E429EE217B08C34B6 /* SplashView.swift in Sources */,
				080B674A908A6C5DA086E6FB /* StatDisplay.swift in Sources */,
				3120B8DF78687FB4ED24E811 /* UsageDiagnosticsView.swift in Sources */,
				91D04741029D32B37366E216 /* UsageSuitabilityCopy.swift in Sources */,
				F563C68AAD0FF6D4B4B4E33E /* WiFiNetworkPermission.swift in Sources */,
				24D5445693EFC7A49B65A32A /* LinkaHealthCheck.swift in Sources */,
			);
			runOnlyForDeploymentPostprocessing = 0;
		};
		47FA07186FAD066A9E2C6008 /* Sources */ = {
			isa = PBXSourcesBuildPhase;
			buildActionMask = 2147483647;
			files = (
				4DB6D1F24A36048C31C7F8AE /* AppStoreScreenshotsUITests.swift in Sources */,
			);
			runOnlyForDeploymentPostprocessing = 0;
		};
		FD9169D50D7812D42351E7DC /* Sources */ = {
			isa = PBXSourcesBuildPhase;
			buildActionMask = 2147483647;
			files = (
				EB421BFDB3D4D610383923F1 /* ApplePlatformSignalProviderCWChannelBandTests.swift in Sources */,
				CB588C90842C7F5B1EC567AF /* AssistViewCloseSheetTests.swift in Sources */,
				C795EB7B3D3C235CC07EB505 /* AssistViewModelTests.swift in Sources */,
				32D65FC106F2219188A8CFEF /* NetworkStabilityPatternsViewModelTests.swift in Sources */,
				07FA5BACD537ACDC5E210496 /* SettingsProductionStateTests.swift in Sources */,
				5B0458DD58805571D30AC3EC /* SpeedTestViewModelResultTimingTests.swift in Sources */,
				3780733E2BDF1FB538D9CC35 /* SpeedTestViewModelScenePhaseTests.swift in Sources */,
				01291A72D1AE05FDD8B56EAD /* UsageSuitabilityCopyQualityLevelTests.swift in Sources */,
				98C540F99A016B81DAD15C60 /* LinkaHealthCheckTests.swift in Sources */,
			);
			runOnlyForDeploymentPostprocessing = 0;
		};
		FF61723D51EDB2125611FA26 /* Sources */ = {
			isa = PBXSourcesBuildPhase;
			buildActionMask = 2147483647;
			files = (
				44C648122F593A279BF4190E /* AppIntentCoordinator.swift in Sources */,
				E8738446F6E9EC9EAF2DFDE5 /* ApplePlatformSignalProvider.swift in Sources */,
				B49CE021825E80DC95B954AA /* AssistContainer.swift in Sources */,
				9FFFA7A4330D0D605C30667E /* AssistFailureSignalMapping.swift in Sources */,
				3448797354FD2923D4969804 /* AssistProblemSelectionView.swift in Sources */,
				A64CA2655143AAA37EDFB39A /* AssistTeaserCard.swift in Sources */,
				77AA437F88B4E181F75F6B6E /* AssistView.swift in Sources */,
				F492A685388DF380C07F0B86 /* AssistViewModel.swift in Sources */,
				17E73DA323A120A6FECBD6A1 /* BannerView.swift in Sources */,
				A545323750FDE9FB8E3EC7A1 /* ConnectionPathDetailView.swift in Sources */,
				CA9681EC9AC366A5AF3E5A71 /* ConnectionPathView.swift in Sources */,
				3B8D255B22C6A0738CFBCFB0 /* ConnectivityTriageView.swift in Sources */,
				8EDC61449DB6F193BE332F11 /* DesignSystem.swift in Sources */,
				997D49DAE6F9C3EAE6820CFD /* ExpertModeMigrationBanner.swift in Sources */,
				251732D2D655E2FC6E8896B6 /* FeatureFlags.swift in Sources */,
				5D4D11F451064AF6ECB2429F /* HistoricalMeasurementDetailView.swift in Sources */,
				074A78EB05FB73EAA13BFF42 /* HistoryView.swift in Sources */,
				D023E595162ADE7D1452F5EC /* LinkaApp.swift in Sources */,
				12E02BB6A2E493EAC2C1D151 /* LinkaAppShortcuts.swift in Sources */,
				EDEF20B20E5B665AE314BE04 /* LinkaExternalLinks.swift in Sources */,
				BBCD26A5CB7293C88A0A8577 /* LinkaPlusWordmarkView.swift in Sources */,
				9D9CAA41523C5B4063A18FF2 /* MainView.swift in Sources */,
				C60712F038F34BAF07AEDEC6 /* MeasurementDetailView.swift in Sources */,
				22ACBF6A87B265E99D871533 /* MetricRing.swift in Sources */,
				FB04D476B3C59CD38514B55C /* NetworkStabilityPatternsViewModel.swift in Sources */,
				7F7970BA85081796F66C73DB /* PhaseDots.swift in Sources */,
				FD6BAD30F4F388AEBF0AAB9F /* PurchaseEntryPoint.swift in Sources */,
				2F7AC1D0FB4C81453B1B1EC7 /* PurchaseSheet.swift in Sources */,
				6F17598AD7C151721E54AB92 /* SettingsSheet.swift in Sources */,
				8FA33CB5620B468DC00D3C18 /* ShareCardView.swift in Sources */,
				1CF90733709BEB4D8C2F28D4 /* ShareSheet.swift in Sources */,
				910814D6D49CF4D31DF32FC1 /* SpeedTestViewModel.swift in Sources */,
				58AAEC10AB55272DF16453E3 /* SplashView.swift in Sources */,
				8F43FE7424FB03B9F36897E9 /* StatDisplay.swift in Sources */,
				89C7B34BC422904F866171F8 /* UsageDiagnosticsView.swift in Sources */,
				F77CBC3EB2009824FB9840BB /* UsageSuitabilityCopy.swift in Sources */,
				FB2E235653F8530D066FD804 /* WiFiNetworkPermission.swift in Sources */,
				0EFC4146B3851935B5B6830E /* LinkaHealthCheck.swift in Sources */,
			);
			runOnlyForDeploymentPostprocessing = 0;
		};
/* End PBXSourcesBuildPhase section */

/* Begin PBXTargetDependency section */
		2E13A9D733B01D8295BE2350 /* PBXTargetDependency */ = {
			isa = PBXTargetDependency;
			target = 675DFA678F2EAE7C57E6EC9C /* LinkaApp_iOS */;
			targetProxy = 9FB5A836CC980BEE4039A376 /* PBXContainerItemProxy */;
		};
		3B4473C79C0D5EA9D957A7AF /* PBXTargetDependency */ = {
			isa = PBXTargetDependency;
			target = 675DFA678F2EAE7C57E6EC9C /* LinkaApp_iOS */;
			targetProxy = 291FBAEC93F016DFAE3D8174 /* PBXContainerItemProxy */;
		};
		A7580D9090416BABE41D575F /* PBXTargetDependency */ = {
			isa = PBXTargetDependency;
			target = 184D119CB06D3356F99CEDFE /* LinkaWidgetExtension */;
			targetProxy = C3BBF182BE28949612624ABC /* PBXContainerItemProxy */;
		};
/* End PBXTargetDependency section */

/* Begin XCBuildConfiguration section */
		31DB955F732815CF75FD024A /* Debug */ = {
			isa = XCBuildConfiguration;
			buildSettings = {
				ASSETCATALOG_COMPILER_APPICON_NAME = AppIcon;
				CODE_SIGN_ENTITLEMENTS = LinkaApp/LinkaApp.entitlements;
				CODE_SIGN_STYLE = Automatic;
				COMBINE_HIDPI_IMAGES = YES;
				DEVELOPMENT_TEAM = 2Z4T8228GR;
				GENERATE_INFOPLIST_FILE = NO;
				INFOPLIST_FILE = LinkaApp/Info.plist;
				LD_RUNPATH_SEARCH_PATHS = (
					"$(inherited)",
					"@executable_path/../Frameworks",
				);
				MACOSX_DEPLOYMENT_TARGET = 13.0;
				PRODUCT_BUNDLE_IDENTIFIER = com.linka.assist;
				PRODUCT_NAME = LinkaApp;
				SDKROOT = macosx;
			};
			name = Debug;
		};
		62C2407D057C908386165BF0 /* Debug */ = {
			isa = XCBuildConfiguration;
			buildSettings = {
				ALWAYS_SEARCH_USER_PATHS = NO;
				CLANG_ANALYZER_NONNULL = YES;
				CLANG_ANALYZER_NUMBER_OBJECT_CONVERSION = YES_AGGRESSIVE;
				CLANG_CXX_LANGUAGE_STANDARD = "gnu++14";
				CLANG_CXX_LIBRARY = "libc++";
				CLANG_ENABLE_MODULES = YES;
				CLANG_ENABLE_OBJC_ARC = YES;
				CLANG_ENABLE_OBJC_WEAK = YES;
				CLANG_WARN_BLOCK_CAPTURE_AUTORELEASING = YES;
				CLANG_WARN_BOOL_CONVERSION = YES;
				CLANG_WARN_COMMA = YES;
				CLANG_WARN_CONSTANT_CONVERSION = YES;
				CLANG_WARN_DEPRECATED_OBJC_IMPLEMENTATIONS = YES;
				CLANG_WARN_DIRECT_OBJC_ISA_USAGE = YES_ERROR;
				CLANG_WARN_DOCUMENTATION_COMMENTS = YES;
				CLANG_WARN_EMPTY_BODY = YES;
				CLANG_WARN_ENUM_CONVERSION = YES;
				CLANG_WARN_INFINITE_RECURSION = YES;
				CLANG_WARN_INT_CONVERSION = YES;
				CLANG_WARN_NON_LITERAL_NULL_CONVERSION = YES;
				CLANG_WARN_OBJC_IMPLICIT_RETAIN_SELF = YES;
				CLANG_WARN_OBJC_LITERAL_CONVERSION = YES;
				CLANG_WARN_OBJC_ROOT_CLASS = YES_ERROR;
				CLANG_WARN_QUOTED_INCLUDE_IN_FRAMEWORK_HEADER = YES;
				CLANG_WARN_RANGE_LOOP_ANALYSIS = YES;
				CLANG_WARN_STRICT_PROTOTYPES = YES;
				CLANG_WARN_SUSPICIOUS_MOVE = YES;
				CLANG_WARN_UNGUARDED_AVAILABILITY = YES_AGGRESSIVE;
				CLANG_WARN_UNREACHABLE_CODE = YES;
				CLANG_WARN__DUPLICATE_METHOD_MATCH = YES;
				COPY_PHASE_STRIP = NO;
				CURRENT_PROJECT_VERSION = 43;
				DEBUG_INFORMATION_FORMAT = dwarf;
				ENABLE_STRICT_OBJC_MSGSEND = YES;
				ENABLE_TESTABILITY = YES;
				GCC_C_LANGUAGE_STANDARD = gnu11;
				GCC_DYNAMIC_NO_PIC = NO;
				GCC_NO_COMMON_BLOCKS = YES;
				GCC_OPTIMIZATION_LEVEL = 0;
				GCC_PREPROCESSOR_DEFINITIONS = (
					"$(inherited)",
					"DEBUG=1",
				);
				GCC_WARN_64_TO_32_BIT_CONVERSION = YES;
				GCC_WARN_ABOUT_RETURN_TYPE = YES_ERROR;
				GCC_WARN_UNDECLARED_SELECTOR = YES;
				GCC_WARN_UNINITIALIZED_AUTOS = YES_AGGRESSIVE;
				GCC_WARN_UNUSED_FUNCTION = YES;
				GCC_WARN_UNUSED_VARIABLE = YES;
				MARKETING_VERSION = 1.1.1;
				MTL_ENABLE_DEBUG_INFO = INCLUDE_SOURCE;
				MTL_FAST_MATH = YES;
				ONLY_ACTIVE_ARCH = YES;
				PRODUCT_NAME = "$(TARGET_NAME)";
				SWIFT_ACTIVE_COMPILATION_CONDITIONS = DEBUG;
				SWIFT_OPTIMIZATION_LEVEL = "-Onone";
				SWIFT_VERSION = 5.0;
			};
			name = Debug;
		};
		65D82A9B420988C7CF8F847F /* Release */ = {
			isa = XCBuildConfiguration;
			buildSettings = {
				ASSETCATALOG_COMPILER_APPICON_NAME = AppIcon;
				CODE_SIGN_ENTITLEMENTS = LinkaApp/LinkaApp.entitlements;
				CODE_SIGN_IDENTITY = "iPhone Developer";
				CODE_SIGN_STYLE = Automatic;
				DEVELOPMENT_TEAM = 2Z4T8228GR;
				GENERATE_INFOPLIST_FILE = NO;
				INFOPLIST_FILE = LinkaApp/Info.plist;
				IPHONEOS_DEPLOYMENT_TARGET = 16.0;
				LD_RUNPATH_SEARCH_PATHS = (
					"$(inherited)",
					"@executable_path/Frameworks",
				);
				PRODUCT_BUNDLE_IDENTIFIER = com.linka.assist;
				PRODUCT_NAME = LinkaApp;
				SDKROOT = iphoneos;
				TARGETED_DEVICE_FAMILY = "1,2";
			};
			name = Release;
		};
		6B4B7B444424746AB2041523 /* Debug */ = {
			isa = XCBuildConfiguration;
			buildSettings = {
				BUNDLE_LOADER = "$(TEST_HOST)";
				GENERATE_INFOPLIST_FILE = YES;
				IPHONEOS_DEPLOYMENT_TARGET = 16.0;
				LD_RUNPATH_SEARCH_PATHS = (
					"$(inherited)",
					"@executable_path/Frameworks",
					"@loader_path/Frameworks",
				);
				PRODUCT_BUNDLE_IDENTIFIER = com.linka.LinkaAppUITests;
				SDKROOT = iphoneos;
				TARGETED_DEVICE_FAMILY = "1,2";
				TEST_TARGET_NAME = LinkaApp_iOS;
			};
			name = Debug;
		};
		6CF1CF7E95E06FBF3012C906 /* Release */ = {
			isa = XCBuildConfiguration;
			buildSettings = {
				BUNDLE_LOADER = "$(TEST_HOST)";
				GENERATE_INFOPLIST_FILE = YES;
				IPHONEOS_DEPLOYMENT_TARGET = 16.0;
				LD_RUNPATH_SEARCH_PATHS = (
					"$(inherited)",
					"@executable_path/Frameworks",
					"@loader_path/Frameworks",
				);
				PRODUCT_BUNDLE_IDENTIFIER = com.linka.LinkaAppUITests;
				SDKROOT = iphoneos;
				TARGETED_DEVICE_FAMILY = "1,2";
				TEST_TARGET_NAME = LinkaApp_iOS;
			};
			name = Release;
		};
		6DA41DDD9F44086172391D2C /* Release */ = {
			isa = XCBuildConfiguration;
			buildSettings = {
				ALWAYS_SEARCH_USER_PATHS = NO;
				CLANG_ANALYZER_NONNULL = YES;
				CLANG_ANALYZER_NUMBER_OBJECT_CONVERSION = YES_AGGRESSIVE;
				CLANG_CXX_LANGUAGE_STANDARD = "gnu++14";
				CLANG_CXX_LIBRARY = "libc++";
				CLANG_ENABLE_MODULES = YES;
				CLANG_ENABLE_OBJC_ARC = YES;
				CLANG_ENABLE_OBJC_WEAK = YES;
				CLANG_WARN_BLOCK_CAPTURE_AUTORELEASING = YES;
				CLANG_WARN_BOOL_CONVERSION = YES;
				CLANG_WARN_COMMA = YES;
				CLANG_WARN_CONSTANT_CONVERSION = YES;
				CLANG_WARN_DEPRECATED_OBJC_IMPLEMENTATIONS = YES;
				CLANG_WARN_DIRECT_OBJC_ISA_USAGE = YES_ERROR;
				CLANG_WARN_DOCUMENTATION_COMMENTS = YES;
				CLANG_WARN_EMPTY_BODY = YES;
				CLANG_WARN_ENUM_CONVERSION = YES;
				CLANG_WARN_INFINITE_RECURSION = YES;
				CLANG_WARN_INT_CONVERSION = YES;
				CLANG_WARN_NON_LITERAL_NULL_CONVERSION = YES;
				CLANG_WARN_OBJC_IMPLICIT_RETAIN_SELF = YES;
				CLANG_WARN_OBJC_LITERAL_CONVERSION = YES;
				CLANG_WARN_OBJC_ROOT_CLASS = YES_ERROR;
				CLANG_WARN_QUOTED_INCLUDE_IN_FRAMEWORK_HEADER = YES;
				CLANG_WARN_RANGE_LOOP_ANALYSIS = YES;
				CLANG_WARN_STRICT_PROTOTYPES = YES;
				CLANG_WARN_SUSPICIOUS_MOVE = YES;
				CLANG_WARN_UNGUARDED_AVAILABILITY = YES_AGGRESSIVE;
				CLANG_WARN_UNREACHABLE_CODE = YES;
				CLANG_WARN__DUPLICATE_METHOD_MATCH = YES;
				COPY_PHASE_STRIP = NO;
				CURRENT_PROJECT_VERSION = 43;
				DEBUG_INFORMATION_FORMAT = "dwarf-with-dsym";
				ENABLE_NS_ASSERTIONS = NO;
				ENABLE_STRICT_OBJC_MSGSEND = YES;
				GCC_C_LANGUAGE_STANDARD = gnu11;
				GCC_NO_COMMON_BLOCKS = YES;
				GCC_WARN_64_TO_32_BIT_CONVERSION = YES;
				GCC_WARN_ABOUT_RETURN_TYPE = YES_ERROR;
				GCC_WARN_UNDECLARED_SELECTOR = YES;
				GCC_WARN_UNINITIALIZED_AUTOS = YES_AGGRESSIVE;
				GCC_WARN_UNUSED_FUNCTION = YES;
				GCC_WARN_UNUSED_VARIABLE = YES;
				MARKETING_VERSION = 1.1.1;
				MTL_ENABLE_DEBUG_INFO = NO;
				MTL_FAST_MATH = YES;
				PRODUCT_NAME = "$(TARGET_NAME)";
				SWIFT_COMPILATION_MODE = wholemodule;
				SWIFT_OPTIMIZATION_LEVEL = "-O";
				SWIFT_VERSION = 5.0;
			};
			name = Release;
		};
		7DA20DC949CCD225709C2ADA /* Debug */ = {
			isa = XCBuildConfiguration;
			buildSettings = {
				ASSETCATALOG_COMPILER_APPICON_NAME = AppIcon;
				CODE_SIGN_ENTITLEMENTS = LinkaApp/LinkaApp.entitlements;
				CODE_SIGN_IDENTITY = "iPhone Developer";
				CODE_SIGN_STYLE = Automatic;
				DEVELOPMENT_TEAM = 2Z4T8228GR;
				GENERATE_INFOPLIST_FILE = NO;
				INFOPLIST_FILE = LinkaApp/Info.plist;
				IPHONEOS_DEPLOYMENT_TARGET = 16.0;
				LD_RUNPATH_SEARCH_PATHS = (
					"$(inherited)",
					"@executable_path/Frameworks",
				);
				PRODUCT_BUNDLE_IDENTIFIER = com.linka.assist;
				PRODUCT_NAME = LinkaApp;
				SDKROOT = iphoneos;
				TARGETED_DEVICE_FAMILY = "1,2";
			};
			name = Debug;
		};
		907449E835E0FA7C5836416B /* Release */ = {
			isa = XCBuildConfiguration;
			buildSettings = {
				CODE_SIGN_ENTITLEMENTS = LinkaWidget/LinkaWidget.entitlements;
				CODE_SIGN_STYLE = Automatic;
				DEVELOPMENT_TEAM = 2Z4T8228GR;
				GENERATE_INFOPLIST_FILE = NO;
				INFOPLIST_FILE = LinkaWidget/Info.plist;
				LD_RUNPATH_SEARCH_PATHS = (
					"$(inherited)",
					"@executable_path/Frameworks",
					"@executable_path/../../Frameworks",
				);
				PRODUCT_BUNDLE_IDENTIFIER = com.linka.assist.Widget;
				PRODUCT_NAME = LinkaWidget;
				SDKROOT = iphoneos;
				TARGETED_DEVICE_FAMILY = "1,2";
			};
			name = Release;
		};
		9FABB7CD3629CDA0B5875E0C /* Release */ = {
			isa = XCBuildConfiguration;
			buildSettings = {
				ASSETCATALOG_COMPILER_APPICON_NAME = AppIcon;
				CODE_SIGN_ENTITLEMENTS = LinkaApp/LinkaApp.entitlements;
				CODE_SIGN_STYLE = Automatic;
				COMBINE_HIDPI_IMAGES = YES;
				DEVELOPMENT_TEAM = 2Z4T8228GR;
				GENERATE_INFOPLIST_FILE = NO;
				INFOPLIST_FILE = LinkaApp/Info.plist;
				LD_RUNPATH_SEARCH_PATHS = (
					"$(inherited)",
					"@executable_path/../Frameworks",
				);
				MACOSX_DEPLOYMENT_TARGET = 13.0;
				PRODUCT_BUNDLE_IDENTIFIER = com.linka.assist;
				PRODUCT_NAME = LinkaApp;
				SDKROOT = macosx;
			};
			name = Release;
		};
		DE450D69DDFB95295519F2F0 /* Debug */ = {
			isa = XCBuildConfiguration;
			buildSettings = {
				CODE_SIGN_ENTITLEMENTS = LinkaWidget/LinkaWidget.entitlements;
				CODE_SIGN_STYLE = Automatic;
				DEVELOPMENT_TEAM = 2Z4T8228GR;
				GENERATE_INFOPLIST_FILE = NO;
				INFOPLIST_FILE = LinkaWidget/Info.plist;
				LD_RUNPATH_SEARCH_PATHS = (
					"$(inherited)",
					"@executable_path/Frameworks",
					"@executable_path/../../Frameworks",
				);
				PRODUCT_BUNDLE_IDENTIFIER = com.linka.assist.Widget;
				PRODUCT_NAME = LinkaWidget;
				SDKROOT = iphoneos;
				TARGETED_DEVICE_FAMILY = "1,2";
			};
			name = Debug;
		};
		FAE1902CFF61B6B6D8FD44D6 /* Debug */ = {
			isa = XCBuildConfiguration;
			buildSettings = {
				BUNDLE_LOADER = "$(TEST_HOST)";
				GENERATE_INFOPLIST_FILE = YES;
				LD_RUNPATH_SEARCH_PATHS = (
					"$(inherited)",
					"@executable_path/Frameworks",
					"@loader_path/Frameworks",
				);
				PRODUCT_BUNDLE_IDENTIFIER = com.linka.LinkaAppTests;
				SDKROOT = iphoneos;
				TARGETED_DEVICE_FAMILY = "1,2";
				TEST_HOST = "$(BUILT_PRODUCTS_DIR)/LinkaApp.app/LinkaApp";
			};
			name = Debug;
		};
		FC5665225CE66DABC8346786 /* Release */ = {
			isa = XCBuildConfiguration;
			buildSettings = {
				BUNDLE_LOADER = "$(TEST_HOST)";
				GENERATE_INFOPLIST_FILE = YES;
				LD_RUNPATH_SEARCH_PATHS = (
					"$(inherited)",
					"@executable_path/Frameworks",
					"@loader_path/Frameworks",
				);
				PRODUCT_BUNDLE_IDENTIFIER = com.linka.LinkaAppTests;
				SDKROOT = iphoneos;
				TARGETED_DEVICE_FAMILY = "1,2";
				TEST_HOST = "$(BUILT_PRODUCTS_DIR)/LinkaApp.app/LinkaApp";
			};
			name = Release;
		};
/* End XCBuildConfiguration section */

/* Begin XCConfigurationList section */
		0002797810EB1E8E1690BF11 /* Build configuration list for PBXNativeTarget "LinkaApp_iOS" */ = {
			isa = XCConfigurationList;
			buildConfigurations = (
				7DA20DC949CCD225709C2ADA /* Debug */,
				65D82A9B420988C7CF8F847F /* Release */,
			);
			defaultConfigurationIsVisible = 0;
			defaultConfigurationName = Debug;
		};
		0D6779A0CBC722E81EF2B2E0 /* Build configuration list for PBXNativeTarget "LinkaWidgetExtension" */ = {
			isa = XCConfigurationList;
			buildConfigurations = (
				DE450D69DDFB95295519F2F0 /* Debug */,
				907449E835E0FA7C5836416B /* Release */,
			);
			defaultConfigurationIsVisible = 0;
			defaultConfigurationName = Debug;
		};
		0DFC717478A3BD7F0276E07E /* Build configuration list for PBXNativeTarget "LinkaApp_macOS" */ = {
			isa = XCConfigurationList;
			buildConfigurations = (
				31DB955F732815CF75FD024A /* Debug */,
				9FABB7CD3629CDA0B5875E0C /* Release */,
			);
			defaultConfigurationIsVisible = 0;
			defaultConfigurationName = Debug;
		};
		13449E091B50C6942BF6F931 /* Build configuration list for PBXNativeTarget "LinkaAppUITests" */ = {
			isa = XCConfigurationList;
			buildConfigurations = (
				6B4B7B444424746AB2041523 /* Debug */,
				6CF1CF7E95E06FBF3012C906 /* Release */,
			);
			defaultConfigurationIsVisible = 0;
			defaultConfigurationName = Debug;
		};
		2FE1BBA86146A36ED89B65AD /* Build configuration list for PBXNativeTarget "LinkaAppTests" */ = {
			isa = XCConfigurationList;
			buildConfigurations = (
				FAE1902CFF61B6B6D8FD44D6 /* Debug */,
				FC5665225CE66DABC8346786 /* Release */,
			);
			defaultConfigurationIsVisible = 0;
			defaultConfigurationName = Debug;
		};
		C2CE0C2BCF81362355C11576 /* Build configuration list for PBXProject "LinkaApp_iOS" */ = {
			isa = XCConfigurationList;
			buildConfigurations = (
				62C2407D057C908386165BF0 /* Debug */,
				6DA41DDD9F44086172391D2C /* Release */,
			);
			defaultConfigurationIsVisible = 0;
			defaultConfigurationName = Debug;
		};
/* End XCConfigurationList section */

/* Begin XCLocalSwiftPackageReference section */
		1DC1DDFFCC2B5E70B0C79419 /* XCLocalSwiftPackageReference "LinkaAppIntents" */ = {
			isa = XCLocalSwiftPackageReference;
			relativePath = LinkaAppIntents;
		};
		498D42432070615E85E2B086 /* XCLocalSwiftPackageReference "NetworkConnectivityTriage" */ = {
			isa = XCLocalSwiftPackageReference;
			relativePath = NetworkConnectivityTriage;
		};
		501DCE8450FC9C3F97A936C6 /* XCLocalSwiftPackageReference "LinkaEngine" */ = {
			isa = XCLocalSwiftPackageReference;
			relativePath = LinkaEngine;
		};
		622D20AD0BCF2FAAC6BFF7A8 /* XCLocalSwiftPackageReference "LinkaModules" */ = {
			isa = XCLocalSwiftPackageReference;
			relativePath = LinkaModules;
		};
		91839EB7B023EE0F5BD45135 /* XCLocalSwiftPackageReference "LinkaWidgetShared" */ = {
			isa = XCLocalSwiftPackageReference;
			relativePath = LinkaWidgetShared;
		};
		B2C64BDD2A8270C25380EDDE /* XCLocalSwiftPackageReference "MeasurementHistoryCloudKit" */ = {
			isa = XCLocalSwiftPackageReference;
			relativePath = MeasurementHistoryCloudKit;
		};
/* End XCLocalSwiftPackageReference section */

/* Begin XCSwiftPackageProductDependency section */
		2A1ED27B4CE61C438B43B40C /* LinkaModules */ = {
			isa = XCSwiftPackageProductDependency;
			productName = LinkaModules;
		};
		32F32DAB5F80BE2584F3A3DB /* LinkaEngine */ = {
			isa = XCSwiftPackageProductDependency;
			productName = LinkaEngine;
		};
		4010F854F0753756FEF0C5F0 /* LinkaAppIntents */ = {
			isa = XCSwiftPackageProductDependency;
			productName = LinkaAppIntents;
		};
		4EC464D2A27C018FC431B081 /* LinkaAppIntents */ = {
			isa = XCSwiftPackageProductDependency;
			productName = LinkaAppIntents;
		};
		6924FC50FF8D2EAF983DDAA9 /* MeasurementHistoryCloudKit */ = {
			isa = XCSwiftPackageProductDependency;
			productName = MeasurementHistoryCloudKit;
		};
		6C16385D59C93FAD8555D2E3 /* LinkaWidgetShared */ = {
			isa = XCSwiftPackageProductDependency;
			productName = LinkaWidgetShared;
		};
		86760C16968147ADE1D36961 /* LinkaEngine */ = {
			isa = XCSwiftPackageProductDependency;
			productName = LinkaEngine;
		};
		A4BBA0D383EFDFF0002A9E76 /* NetworkConnectivityTriage */ = {
			isa = XCSwiftPackageProductDependency;
			productName = NetworkConnectivityTriage;
		};
		A80A78B4DB132E6B27081B7D /* LinkaWidgetShared */ = {
			isa = XCSwiftPackageProductDependency;
			productName = LinkaWidgetShared;
		};
		AF94459C34286AD1C350EB80 /* LinkaAppIntents */ = {
			isa = XCSwiftPackageProductDependency;
			productName = LinkaAppIntents;
		};
		B36D3C433D496B8EFF185FF3 /* MeasurementHistoryCloudKit */ = {
			isa = XCSwiftPackageProductDependency;
			productName = MeasurementHistoryCloudKit;
		};
		CAACD50C2B8842A2FFB7FDB9 /* NetworkConnectivityTriage */ = {
			isa = XCSwiftPackageProductDependency;
			productName = NetworkConnectivityTriage;
		};
		F9AA1524670AA76CD25C8EE7 /* LinkaModules */ = {
			isa = XCSwiftPackageProductDependency;
			productName = LinkaModules;
		};
		FA1CE84A7C31AEF2F4A97972 /* LinkaWidgetShared */ = {
			isa = XCSwiftPackageProductDependency;
			productName = LinkaWidgetShared;
		};
/* End XCSwiftPackageProductDependency section */
	};
	rootObject = ED928F4DB6D51F4BE84E816D /* Project object */;
}
